// !$*UTF8*$!
{
	archiveVersion = 1;
	classes = {
	};
	objectVersion = 50;
	objects = {

/* Begin PBXBuildFile section */
		74C3CFB0253F3BE900757586 /* AppDelegate.swift in Sources */ = {isa = PBXBuildFile; fileRef = 74C3CFAF253F3BE900757586 /* AppDelegate.swift */; };
		74C3CFB2253F3BE900757586 /* GameScene.sks in Resources */ = {isa = PBXBuildFile; fileRef = 74C3CFB1253F3BE900757586 /* GameScene.sks */; };
		74C3CFB4253F3BE900757586 /* Actions.sks in Resources */ = {isa = PBXBuildFile; fileRef = 74C3CFB3253F3BE900757586 /* Actions.sks */; };
		74C3CFB6253F3BE900757586 /* GameScene.swift in Sources */ = {isa = PBXBuildFile; fileRef = 74C3CFB5253F3BE900757586 /* GameScene.swift */; };
		74C3CFB8253F3BE900757586 /* GameViewController.swift in Sources */ = {isa = PBXBuildFile; fileRef = 74C3CFB7253F3BE900757586 /* GameViewController.swift */; };
		74C3CFBB253F3BE900757586 /* Main.storyboard in Resources */ = {isa = PBXBuildFile; fileRef = 74C3CFB9253F3BE900757586 /* Main.storyboard */; };
		74C3CFBD253F3BED00757586 /* Assets.xcassets in Resources */ = {isa = PBXBuildFile; fileRef = 74C3CFBC253F3BED00757586 /* Assets.xcassets */; };
		74C3CFC0253F3BED00757586 /* LaunchScreen.storyboard in Resources */ = {isa = PBXBuildFile; fileRef = 74C3CFBE253F3BED00757586 /* LaunchScreen.storyboard */; };
		74C3CFC8253F3E3D00757586 /* Starfield.sks in Resources */ = {isa = PBXBuildFile; fileRef = 74C3CFC7253F3E3D00757586 /* Starfield.sks */; };
		74C3CFD225506D0300757586 /* Thrusters.sks in Resources */ = {isa = PBXBuildFile; fileRef = 74C3CFD025506D0300757586 /* Thrusters.sks */; };
		74C3CFD325506D0300757586 /* Assets.xcassets in Resources */ = {isa = PBXBuildFile; fileRef = 74C3CFD125506D0300757586 /* Assets.xcassets */; };
/* End PBXBuildFile section */

/* Begin PBXFileReference section */
		74C3CFAC253F3BE900757586 /* APBOv2.app */ = {isa = PBXFileReference; explicitFileType = wrapper.application; includeInIndex = 0; path = APBOv2.app; sourceTree = BUILT_PRODUCTS_DIR; };
		74C3CFAF253F3BE900757586 /* AppDelegate.swift */ = {isa = PBXFileReference; lastKnownFileType = sourcecode.swift; path = AppDelegate.swift; sourceTree = "<group>"; };
		74C3CFB1253F3BE900757586 /* GameScene.sks */ = {isa = PBXFileReference; lastKnownFileType = file.sks; path = GameScene.sks; sourceTree = "<group>"; };
		74C3CFB3253F3BE900757586 /* Actions.sks */ = {isa = PBXFileReference; lastKnownFileType = file.sks; path = Actions.sks; sourceTree = "<group>"; };
		74C3CFB5253F3BE900757586 /* GameScene.swift */ = {isa = PBXFileReference; lastKnownFileType = sourcecode.swift; path = GameScene.swift; sourceTree = "<group>"; };
		74C3CFB7253F3BE900757586 /* GameViewController.swift */ = {isa = PBXFileReference; lastKnownFileType = sourcecode.swift; path = GameViewController.swift; sourceTree = "<group>"; };
		74C3CFBA253F3BE900757586 /* Base */ = {isa = PBXFileReference; lastKnownFileType = file.storyboard; name = Base; path = Base.lproj/Main.storyboard; sourceTree = "<group>"; };
		74C3CFBC253F3BED00757586 /* Assets.xcassets */ = {isa = PBXFileReference; lastKnownFileType = folder.assetcatalog; path = Assets.xcassets; sourceTree = "<group>"; };
		74C3CFBF253F3BED00757586 /* Base */ = {isa = PBXFileReference; lastKnownFileType = file.storyboard; name = Base; path = Base.lproj/LaunchScreen.storyboard; sourceTree = "<group>"; };
		74C3CFC1253F3BED00757586 /* Info.plist */ = {isa = PBXFileReference; lastKnownFileType = text.plist.xml; path = Info.plist; sourceTree = "<group>"; };
		74C3CFC7253F3E3D00757586 /* Starfield.sks */ = {isa = PBXFileReference; lastKnownFileType = file.sks; path = Starfield.sks; sourceTree = "<group>"; };
		74C3CFD025506D0300757586 /* Thrusters.sks */ = {isa = PBXFileReference; lastKnownFileType = file.sks; path = Thrusters.sks; sourceTree = "<group>"; };
		74C3CFD125506D0300757586 /* Assets.xcassets */ = {isa = PBXFileReference; lastKnownFileType = folder.assetcatalog; path = Assets.xcassets; sourceTree = "<group>"; };
/* End PBXFileReference section */

/* Begin PBXFrameworksBuildPhase section */
		74C3CFA9253F3BE900757586 /* Frameworks */ = {
			isa = PBXFrameworksBuildPhase;
			buildActionMask = 2147483647;
			files = (
			);
			runOnlyForDeploymentPostprocessing = 0;
		};
/* End PBXFrameworksBuildPhase section */

/* Begin PBXGroup section */
		74C3CFA3253F3BE900757586 = {
			isa = PBXGroup;
			children = (
				74C3CFAE253F3BE900757586 /* APBOv2 */,
				74C3CFAD253F3BE900757586 /* Products */,
			);
			sourceTree = "<group>";
		};
		74C3CFAD253F3BE900757586 /* Products */ = {
			isa = PBXGroup;
			children = (
				74C3CFAC253F3BE900757586 /* APBOv2.app */,
			);
			name = Products;
			sourceTree = "<group>";
		};
		74C3CFAE253F3BE900757586 /* APBOv2 */ = {
			isa = PBXGroup;
			children = (
				74C3CFCF25506CEA00757586 /* Particles */,
				74C3CFAF253F3BE900757586 /* AppDelegate.swift */,
				74C3CFB1253F3BE900757586 /* GameScene.sks */,
				74C3CFB3253F3BE900757586 /* Actions.sks */,
				74C3CFB5253F3BE900757586 /* GameScene.swift */,
				74C3CFB7253F3BE900757586 /* GameViewController.swift */,
				74C3CFB9253F3BE900757586 /* Main.storyboard */,
				74C3CFBC253F3BED00757586 /* Assets.xcassets */,
				74C3CFBE253F3BED00757586 /* LaunchScreen.storyboard */,
				74C3CFC1253F3BED00757586 /* Info.plist */,
			);
			path = APBOv2;
			sourceTree = "<group>";
		};
		74C3CFCF25506CEA00757586 /* Particles */ = {
			isa = PBXGroup;
			children = (
				74C3CFD025506D0300757586 /* Thrusters.sks */,
				74C3CFC7253F3E3D00757586 /* Starfield.sks */,
				74C3CFD125506D0300757586 /* Assets.xcassets */,
			);
			path = Particles;
			sourceTree = "<group>";
		};
/* End PBXGroup section */

/* Begin PBXNativeTarget section */
		74C3CFAB253F3BE900757586 /* APBOv2 */ = {
			isa = PBXNativeTarget;
			buildConfigurationList = 74C3CFC4253F3BED00757586 /* Build configuration list for PBXNativeTarget "APBOv2" */;
			buildPhases = (
				74C3CFA8253F3BE900757586 /* Sources */,
				74C3CFA9253F3BE900757586 /* Frameworks */,
				74C3CFAA253F3BE900757586 /* Resources */,
			);
			buildRules = (
			);
			dependencies = (
			);
			name = APBOv2;
			productName = APBOv2;
			productReference = 74C3CFAC253F3BE900757586 /* APBOv2.app */;
			productType = "com.apple.product-type.application";
		};
/* End PBXNativeTarget section */

/* Begin PBXProject section */
		74C3CFA4253F3BE900757586 /* Project object */ = {
			isa = PBXProject;
			attributes = {
				LastSwiftUpdateCheck = 1160;
				LastUpgradeCheck = 1160;
				ORGANIZATIONNAME = "Dhruv Chowdhary";
				TargetAttributes = {
					74C3CFAB253F3BE900757586 = {
						CreatedOnToolsVersion = 11.6;
					};
				};
			};
			buildConfigurationList = 74C3CFA7253F3BE900757586 /* Build configuration list for PBXProject "APBOv2" */;
			compatibilityVersion = "Xcode 9.3";
			developmentRegion = en;
			hasScannedForEncodings = 0;
			knownRegions = (
				en,
				Base,
			);
			mainGroup = 74C3CFA3253F3BE900757586;
			productRefGroup = 74C3CFAD253F3BE900757586 /* Products */;
			projectDirPath = "";
			projectRoot = "";
			targets = (
				74C3CFAB253F3BE900757586 /* APBOv2 */,
			);
		};
/* End PBXProject section */

/* Begin PBXResourcesBuildPhase section */
		74C3CFAA253F3BE900757586 /* Resources */ = {
			isa = PBXResourcesBuildPhase;
			buildActionMask = 2147483647;
			files = (
				74C3CFC8253F3E3D00757586 /* Starfield.sks in Resources */,
				74C3CFBB253F3BE900757586 /* Main.storyboard in Resources */,
				74C3CFB2253F3BE900757586 /* GameScene.sks in Resources */,
				74C3CFBD253F3BED00757586 /* Assets.xcassets in Resources */,
				74C3CFD225506D0300757586 /* Thrusters.sks in Resources */,
				74C3CFC0253F3BED00757586 /* LaunchScreen.storyboard in Resources */,
				74C3CFD325506D0300757586 /* Assets.xcassets in Resources */,
				74C3CFB4253F3BE900757586 /* Actions.sks in Resources */,
			);
			runOnlyForDeploymentPostprocessing = 0;
		};
/* End PBXResourcesBuildPhase section */

/* Begin PBXSourcesBuildPhase section */
		74C3CFA8253F3BE900757586 /* Sources */ = {
			isa = PBXSourcesBuildPhase;
			buildActionMask = 2147483647;
			files = (
				74C3CFB6253F3BE900757586 /* GameScene.swift in Sources */,
				74C3CFB8253F3BE900757586 /* GameViewController.swift in Sources */,
				74C3CFB0253F3BE900757586 /* AppDelegate.swift in Sources */,
			);
			runOnlyForDeploymentPostprocessing = 0;
		};
/* End PBXSourcesBuildPhase section */

/* Begin PBXVariantGroup section */
		74C3CFB9253F3BE900757586 /* Main.storyboard */ = {
			isa = PBXVariantGroup;
			children = (
				74C3CFBA253F3BE900757586 /* Base */,
			);
			name = Main.storyboard;
			sourceTree = "<group>";
		};
		74C3CFBE253F3BED00757586 /* LaunchScreen.storyboard */ = {
			isa = PBXVariantGroup;
			children = (
				74C3CFBF253F3BED00757586 /* Base */,
			);
			name = LaunchScreen.storyboard;
			sourceTree = "<group>";
		};
/* End PBXVariantGroup section */

/* Begin XCBuildConfiguration section */
		74C3CFC2253F3BED00757586 /* Debug */ = {
			isa = XCBuildConfiguration;
			buildSettings = {
				ALWAYS_SEARCH_USER_PATHS = NO;
				CLANG_ANALYZER_NONNULL = YES;
				CLANG_ANALYZER_NUMBER_OBJECT_CONVERSION = YES_AGGRESSIVE;
				CLANG_CXX_LANGUAGE_STANDARD = "gnu++14";
				CLANG_CXX_LIBRARY = "libc++";
				CLANG_ENABLE_MODULES = YES;
				CLANG_ENABLE_OBJC_ARC = YES;
				CLANG_ENABLE_OBJC_WEAK = YES;
				CLANG_WARN_BLOCK_CAPTURE_AUTORELEASING = YES;
				CLANG_WARN_BOOL_CONVERSION = YES;
				CLANG_WARN_COMMA = YES;
				CLANG_WARN_CONSTANT_CONVERSION = YES;
				CLANG_WARN_DEPRECATED_OBJC_IMPLEMENTATIONS = YES;
				CLANG_WARN_DIRECT_OBJC_ISA_USAGE = YES_ERROR;
				CLANG_WARN_DOCUMENTATION_COMMENTS = YES;
				CLANG_WARN_EMPTY_BODY = YES;
				CLANG_WARN_ENUM_CONVERSION = YES;
				CLANG_WARN_INFINITE_RECURSION = YES;
				CLANG_WARN_INT_CONVERSION = YES;
				CLANG_WARN_NON_LITERAL_NULL_CONVERSION = YES;
				CLANG_WARN_OBJC_IMPLICIT_RETAIN_SELF = YES;
				CLANG_WARN_OBJC_LITERAL_CONVERSION = YES;
				CLANG_WARN_OBJC_ROOT_CLASS = YES_ERROR;
				CLANG_WARN_RANGE_LOOP_ANALYSIS = YES;
				CLANG_WARN_STRICT_PROTOTYPES = YES;
				CLANG_WARN_SUSPICIOUS_MOVE = YES;
				CLANG_WARN_UNGUARDED_AVAILABILITY = YES_AGGRESSIVE;
				CLANG_WARN_UNREACHABLE_CODE = YES;
				CLANG_WARN__DUPLICATE_METHOD_MATCH = YES;
				COPY_PHASE_STRIP = NO;
				DEBUG_INFORMATION_FORMAT = dwarf;
				ENABLE_STRICT_OBJC_MSGSEND = YES;
				ENABLE_TESTABILITY = YES;
				GCC_C_LANGUAGE_STANDARD = gnu11;
				GCC_DYNAMIC_NO_PIC = NO;
				GCC_NO_COMMON_BLOCKS = YES;
				GCC_OPTIMIZATION_LEVEL = 0;
				GCC_PREPROCESSOR_DEFINITIONS = (
					"DEBUG=1",
					"$(inherited)",
				);
				GCC_WARN_64_TO_32_BIT_CONVERSION = YES;
				GCC_WARN_ABOUT_RETURN_TYPE = YES_ERROR;
				GCC_WARN_UNDECLARED_SELECTOR = YES;
				GCC_WARN_UNINITIALIZED_AUTOS = YES_AGGRESSIVE;
				GCC_WARN_UNUSED_FUNCTION = YES;
				GCC_WARN_UNUSED_VARIABLE = YES;
				IPHONEOS_DEPLOYMENT_TARGET = 12.0;
				MTL_ENABLE_DEBUG_INFO = INCLUDE_SOURCE;
				MTL_FAST_MATH = YES;
				ONLY_ACTIVE_ARCH = YES;
				SDKROOT = iphoneos;
				SWIFT_ACTIVE_COMPILATION_CONDITIONS = DEBUG;
				SWIFT_OPTIMIZATION_LEVEL = "-Onone";
			};
			name = Debug;
		};
		74C3CFC3253F3BED00757586 /* Release */ = {
			isa = XCBuildConfiguration;
			buildSettings = {
				ALWAYS_SEARCH_USER_PATHS = NO;
				CLANG_ANALYZER_NONNULL = YES;
				CLANG_ANALYZER_NUMBER_OBJECT_CONVERSION = YES_AGGRESSIVE;
				CLANG_CXX_LANGUAGE_STANDARD = "gnu++14";
				CLANG_CXX_LIBRARY = "libc++";
				CLANG_ENABLE_MODULES = YES;
				CLANG_ENABLE_OBJC_ARC = YES;
				CLANG_ENABLE_OBJC_WEAK = YES;
				CLANG_WARN_BLOCK_CAPTURE_AUTORELEASING = YES;
				CLANG_WARN_BOOL_CONVERSION = YES;
				CLANG_WARN_COMMA = YES;
				CLANG_WARN_CONSTANT_CONVERSION = YES;
				CLANG_WARN_DEPRECATED_OBJC_IMPLEMENTATIONS = YES;
				CLANG_WARN_DIRECT_OBJC_ISA_USAGE = YES_ERROR;
				CLANG_WARN_DOCUMENTATION_COMMENTS = YES;
				CLANG_WARN_EMPTY_BODY = YES;
				CLANG_WARN_ENUM_CONVERSION = YES;
				CLANG_WARN_INFINITE_RECURSION = YES;
				CLANG_WARN_INT_CONVERSION = YES;
				CLANG_WARN_NON_LITERAL_NULL_CONVERSION = YES;
				CLANG_WARN_OBJC_IMPLICIT_RETAIN_SELF = YES;
				CLANG_WARN_OBJC_LITERAL_CONVERSION = YES;
				CLANG_WARN_OBJC_ROOT_CLASS = YES_ERROR;
				CLANG_WARN_RANGE_LOOP_ANALYSIS = YES;
				CLANG_WARN_STRICT_PROTOTYPES = YES;
				CLANG_WARN_SUSPICIOUS_MOVE = YES;
				CLANG_WARN_UNGUARDED_AVAILABILITY = YES_AGGRESSIVE;
				CLANG_WARN_UNREACHABLE_CODE = YES;
				CLANG_WARN__DUPLICATE_METHOD_MATCH = YES;
				COPY_PHASE_STRIP = NO;
				DEBUG_INFORMATION_FORMAT = "dwarf-with-dsym";
				ENABLE_NS_ASSERTIONS = NO;
				ENABLE_STRICT_OBJC_MSGSEND = YES;
				GCC_C_LANGUAGE_STANDARD = gnu11;
				GCC_NO_COMMON_BLOCKS = YES;
				GCC_WARN_64_TO_32_BIT_CONVERSION = YES;
				GCC_WARN_ABOUT_RETURN_TYPE = YES_ERROR;
				GCC_WARN_UNDECLARED_SELECTOR = YES;
				GCC_WARN_UNINITIALIZED_AUTOS = YES_AGGRESSIVE;
				GCC_WARN_UNUSED_FUNCTION = YES;
				GCC_WARN_UNUSED_VARIABLE = YES;
				IPHONEOS_DEPLOYMENT_TARGET = 12.0;
				MTL_ENABLE_DEBUG_INFO = NO;
				MTL_FAST_MATH = YES;
				SDKROOT = iphoneos;
				SWIFT_COMPILATION_MODE = wholemodule;
				SWIFT_OPTIMIZATION_LEVEL = "-O";
				VALIDATE_PRODUCT = YES;
			};
			name = Release;
		};
		74C3CFC5253F3BED00757586 /* Debug */ = {
			isa = XCBuildConfiguration;
			buildSettings = {
				ASSETCATALOG_COMPILER_APPICON_NAME = AppIcon;
				CODE_SIGN_STYLE = Automatic;
				DEVELOPMENT_TEAM = 883DK65VTV;
				INFOPLIST_FILE = APBOv2/Info.plist;
				LD_RUNPATH_SEARCH_PATHS = (
					"$(inherited)",
					"@executable_path/Frameworks",
				);
				PRODUCT_BUNDLE_IDENTIFIER = "-0306670.APBOv2";
				PRODUCT_NAME = "$(TARGET_NAME)";
				SWIFT_VERSION = 5.0;
				TARGETED_DEVICE_FAMILY = "1,2";
			};
			name = Debug;
		};
		74C3CFC6253F3BED00757586 /* Release */ = {
			isa = XCBuildConfiguration;
			buildSettings = {
				ASSETCATALOG_COMPILER_APPICON_NAME = AppIcon;
				CODE_SIGN_STYLE = Automatic;
				DEVELOPMENT_TEAM = 883DK65VTV;
				INFOPLIST_FILE = APBOv2/Info.plist;
				LD_RUNPATH_SEARCH_PATHS = (
					"$(inherited)",
					"@executable_path/Frameworks",
				);
				PRODUCT_BUNDLE_IDENTIFIER = "-0306670.APBOv2";
				PRODUCT_NAME = "$(TARGET_NAME)";
				SWIFT_VERSION = 5.0;
				TARGETED_DEVICE_FAMILY = "1,2";
			};
			name = Release;
		};
/* End XCBuildConfiguration section */

/* Begin XCConfigurationList section */
		74C3CFA7253F3BE900757586 /* Build configuration list for PBXProject "APBOv2" */ = {
			isa = XCConfigurationList;
			buildConfigurations = (
				74C3CFC2253F3BED00757586 /* Debug */,
				74C3CFC3253F3BED00757586 /* Release */,
			);
			defaultConfigurationIsVisible = 0;
			defaultConfigurationName = Release;
		};
		74C3CFC4253F3BED00757586 /* Build configuration list for PBXNativeTarget "APBOv2" */ = {
			isa = XCConfigurationList;
			buildConfigurations = (
				74C3CFC5253F3BED00757586 /* Debug */,
				74C3CFC6253F3BED00757586 /* Release */,
			);
			defaultConfigurationIsVisible = 0;
			defaultConfigurationName = Release;
		};
/* End XCConfigurationList section */
	};
	rootObject = 74C3CFA4253F3BE900757586 /* Project object */;
}
