// !$*UTF8*$!
{
	archiveVersion = 1;
	classes = {
	};
	objectVersion = 51;
	objects = {

/* Begin PBXBuildFile section */
		028FEFE725F7EFC600D519A5 /* GameData.swift in Sources */ = {isa = PBXBuildFile; fileRef = 028FEFE625F7EFC600D519A5 /* GameData.swift */; };
		4334487CB521F6ACB8FA20C5 /* Pods_APBOv2.framework in Frameworks */ = {isa = PBXBuildFile; fileRef = D4F8ACF3585F6FBBF6F50A6C /* Pods_APBOv2.framework */; };
		74235B1E2590FCFC00AC4675 /* GameKit.framework in Frameworks */ = {isa = PBXBuildFile; fileRef = 74235B1D2590FCFC00AC4675 /* GameKit.framework */; };
		74235B2025A7724400AC4675 /* GameCenter.swift in Sources */ = {isa = PBXBuildFile; fileRef = 74235B1F25A7724400AC4675 /* GameCenter.swift */; };
		7451FF782576FE8F0074CC2E /* Spark.sks in Resources */ = {isa = PBXBuildFile; fileRef = 7451FF772576FE8F0074CC2E /* Spark.sks */; };
		748500AE25E6C0730063F73B /* LobbyMenu.swift in Sources */ = {isa = PBXBuildFile; fileRef = 748500AD25E6C0730063F73B /* LobbyMenu.swift */; };
		748500B025E6C0910063F73B /* LobbyMenu.sks in Resources */ = {isa = PBXBuildFile; fileRef = 748500AF25E6C0910063F73B /* LobbyMenu.sks */; };
		748500B425E76C970063F73B /* GoogleService-Info.plist in Resources */ = {isa = PBXBuildFile; fileRef = 748500B325E76C960063F73B /* GoogleService-Info.plist */; };
		748CEDA125657B65005DF246 /* MainMenu.sks in Resources */ = {isa = PBXBuildFile; fileRef = 748CEDA025657B65005DF246 /* MainMenu.sks */; };
		748CEDAB25657F2E005DF246 /* MSButtonNode.swift in Sources */ = {isa = PBXBuildFile; fileRef = 748CEDAA25657F2E005DF246 /* MSButtonNode.swift */; };
		748CEDAE25658207005DF246 /* MainMenu.swift in Sources */ = {isa = PBXBuildFile; fileRef = 748CEDAD25658207005DF246 /* MainMenu.swift */; };
		748CEDB4256C151F005DF246 /* SoloMenu.swift in Sources */ = {isa = PBXBuildFile; fileRef = 748CEDB3256C151F005DF246 /* SoloMenu.swift */; };
		748CEDBE256D6EF8005DF246 /* TurretBoss.swift in Sources */ = {isa = PBXBuildFile; fileRef = 748CEDBD256D6EF8005DF246 /* TurretBoss.swift */; };
		748CEDC1256D6F24005DF246 /* TurretBoss.sks in Resources */ = {isa = PBXBuildFile; fileRef = 748CEDC0256D6F24005DF246 /* TurretBoss.sks */; };
		748CEDC4256D7362005DF246 /* OnlineMenu.swift in Sources */ = {isa = PBXBuildFile; fileRef = 748CEDC3256D7362005DF246 /* OnlineMenu.swift */; };
		748CEDC6256D737B005DF246 /* OnlineMenu.sks in Resources */ = {isa = PBXBuildFile; fileRef = 748CEDC5256D737B005DF246 /* OnlineMenu.sks */; };
		748FC4B425DD987500756B4A /* HostMenu.sks in Resources */ = {isa = PBXBuildFile; fileRef = 748FC4B325DD987500756B4A /* HostMenu.sks */; };
		748FC4B625DD98E500756B4A /* HostMenu.swift in Sources */ = {isa = PBXBuildFile; fileRef = 748FC4B525DD98E500756B4A /* HostMenu.swift */; };
		749EBC0E25599D84003EA0B3 /* Explosion.sks in Resources */ = {isa = PBXBuildFile; fileRef = 749EBC0D25599D84003EA0B3 /* Explosion.sks */; };
		749EBC1025599EF3003EA0B3 /* enemy-types.json in Resources */ = {isa = PBXBuildFile; fileRef = 749EBC0F25599EF3003EA0B3 /* enemy-types.json */; };
		749EBC58255AF9E7003EA0B3 /* waves.json in Resources */ = {isa = PBXBuildFile; fileRef = 749EBC57255AF9E7003EA0B3 /* waves.json */; };
		749EBC5A255AFA34003EA0B3 /* Wave.swift in Sources */ = {isa = PBXBuildFile; fileRef = 749EBC59255AFA34003EA0B3 /* Wave.swift */; };
		749EBC5C255AFA58003EA0B3 /* Bundle-Decoding.swift in Sources */ = {isa = PBXBuildFile; fileRef = 749EBC5B255AFA58003EA0B3 /* Bundle-Decoding.swift */; };
		74C3CFB0253F3BE900757586 /* AppDelegate.swift in Sources */ = {isa = PBXBuildFile; fileRef = 74C3CFAF253F3BE900757586 /* AppDelegate.swift */; };
		74C3CFB4253F3BE900757586 /* Actions.sks in Resources */ = {isa = PBXBuildFile; fileRef = 74C3CFB3253F3BE900757586 /* Actions.sks */; };
		74C3CFB6253F3BE900757586 /* GameScene.swift in Sources */ = {isa = PBXBuildFile; fileRef = 74C3CFB5253F3BE900757586 /* GameScene.swift */; };
		74C3CFB8253F3BE900757586 /* GameViewController.swift in Sources */ = {isa = PBXBuildFile; fileRef = 74C3CFB7253F3BE900757586 /* GameViewController.swift */; };
		74C3CFBB253F3BE900757586 /* Main.storyboard in Resources */ = {isa = PBXBuildFile; fileRef = 74C3CFB9253F3BE900757586 /* Main.storyboard */; };
		74C3CFBD253F3BED00757586 /* Assets.xcassets in Resources */ = {isa = PBXBuildFile; fileRef = 74C3CFBC253F3BED00757586 /* Assets.xcassets */; };
		74C3CFC0253F3BED00757586 /* LaunchScreen.storyboard in Resources */ = {isa = PBXBuildFile; fileRef = 74C3CFBE253F3BED00757586 /* LaunchScreen.storyboard */; };
		74C3CFC8253F3E3D00757586 /* Starfield.sks in Resources */ = {isa = PBXBuildFile; fileRef = 74C3CFC7253F3E3D00757586 /* Starfield.sks */; };
		74C3CFD225506D0300757586 /* Thrusters.sks in Resources */ = {isa = PBXBuildFile; fileRef = 74C3CFD025506D0300757586 /* Thrusters.sks */; };
		74C3CFD325506D0300757586 /* Assets.xcassets in Resources */ = {isa = PBXBuildFile; fileRef = 74C3CFD125506D0300757586 /* Assets.xcassets */; };
		74C3CFDB2553100200757586 /* EnemyNode.swift in Sources */ = {isa = PBXBuildFile; fileRef = 74C3CFDA2553100100757586 /* EnemyNode.swift */; };
		74C3CFDD2553109000757586 /* EnemyType.swift in Sources */ = {isa = PBXBuildFile; fileRef = 74C3CFDC2553109000757586 /* EnemyType.swift */; };
		74CF6842257C2EA8000C4E47 /* ShipExplosion.sks in Resources */ = {isa = PBXBuildFile; fileRef = 74CF6841257C2EA8000C4E47 /* ShipExplosion.sks */; };
		74CF6846257C4E26000C4E47 /* PilotThrust.sks in Resources */ = {isa = PBXBuildFile; fileRef = 74CF6845257C4E26000C4E47 /* PilotThrust.sks */; };
		74CF6848257FDF30000C4E47 /* PilotBlood.sks in Resources */ = {isa = PBXBuildFile; fileRef = 74CF6847257FDF30000C4E47 /* PilotBlood.sks */; };
		74CF684C2581EF11000C4E47 /* Laser1.wav in Resources */ = {isa = PBXBuildFile; fileRef = 74CF684B2581EF11000C4E47 /* Laser1.wav */; };
		74CF684E2581EF1D000C4E47 /* Laser2.wav in Resources */ = {isa = PBXBuildFile; fileRef = 74CF684D2581EF1D000C4E47 /* Laser2.wav */; };
		74CF68502581F781000C4E47 /* menuThump.wav in Resources */ = {isa = PBXBuildFile; fileRef = 74CF684F2581F781000C4E47 /* menuThump.wav */; };
		74CF68532581FE64000C4E47 /* pilotSquish.wav in Resources */ = {isa = PBXBuildFile; fileRef = 74CF68522581FE64000C4E47 /* pilotSquish.wav */; };
		74CF685525820076000C4E47 /* pilotSquish2.wav in Resources */ = {isa = PBXBuildFile; fileRef = 74CF685425820076000C4E47 /* pilotSquish2.wav */; };
		74CF6857258201BA000C4E47 /* pilotSquish3.wav in Resources */ = {isa = PBXBuildFile; fileRef = 74CF6856258201BA000C4E47 /* pilotSquish3.wav */; };
		74CF685E25828DB8000C4E47 /* Laser1new.wav in Resources */ = {isa = PBXBuildFile; fileRef = 74CF685D25828DB8000C4E47 /* Laser1new.wav */; };
		74CF686025828E80000C4E47 /* menuThumpnew.wav in Resources */ = {isa = PBXBuildFile; fileRef = 74CF685F25828E80000C4E47 /* menuThumpnew.wav */; };
		74CF686225829627000C4E47 /* miniLaser.aiff in Resources */ = {isa = PBXBuildFile; fileRef = 74CF686125829626000C4E47 /* miniLaser.aiff */; };
		74CF686525829691000C4E47 /* chargeLaser2.mp3 in Resources */ = {isa = PBXBuildFile; fileRef = 74CF686425829691000C4E47 /* chargeLaser2.mp3 */; };
		74CF6867258296A8000C4E47 /* revive.wav in Resources */ = {isa = PBXBuildFile; fileRef = 74CF6866258296A8000C4E47 /* revive.wav */; };
		74CF6869258296F0000C4E47 /* miniLaser2.wav in Resources */ = {isa = PBXBuildFile; fileRef = 74CF6868258296F0000C4E47 /* miniLaser2.wav */; };
		74CF686F25829A28000C4E47 /* Laser2new.wav in Resources */ = {isa = PBXBuildFile; fileRef = 74CF686E25829A28000C4E47 /* Laser2new.wav */; };
		74CF687325829F9C000C4E47 /* revivenew.wav in Resources */ = {isa = PBXBuildFile; fileRef = 74CF687225829F9C000C4E47 /* revivenew.wav */; };
		74CF68752582CF37000C4E47 /* EnemyThruster.sks in Resources */ = {isa = PBXBuildFile; fileRef = 74CF68742582CF37000C4E47 /* EnemyThruster.sks */; };
		74CF68772582F889000C4E47 /* Player.sks in Resources */ = {isa = PBXBuildFile; fileRef = 74CF68762582F889000C4E47 /* Player.sks */; };
		74CF687A25830AD6000C4E47 /* ghost.sks in Resources */ = {isa = PBXBuildFile; fileRef = 74CF687925830AD6000C4E47 /* ghost.sks */; };
		74CF687C25830BB7000C4E47 /* enemy.sks in Resources */ = {isa = PBXBuildFile; fileRef = 74CF687B25830BB7000C4E47 /* enemy.sks */; };
		74CF687E25830C93000C4E47 /* bluePlayer.sks in Resources */ = {isa = PBXBuildFile; fileRef = 74CF687D25830C93000C4E47 /* bluePlayer.sks */; };
		74CF688025830C99000C4E47 /* greenPlayer.sks in Resources */ = {isa = PBXBuildFile; fileRef = 74CF687F25830C99000C4E47 /* greenPlayer.sks */; };
		74CF688225830CA0000C4E47 /* yellowPlayer.sks in Resources */ = {isa = PBXBuildFile; fileRef = 74CF688125830CA0000C4E47 /* yellowPlayer.sks */; };
		74CF68842583CAE1000C4E47 /* swishnew.mp3 in Resources */ = {isa = PBXBuildFile; fileRef = 74CF68832583CAE0000C4E47 /* swishnew.mp3 */; };
		74CF688625840398000C4E47 /* enemy2.sks in Resources */ = {isa = PBXBuildFile; fileRef = 74CF688525840398000C4E47 /* enemy2.sks */; };
		74CF6888258403B3000C4E47 /* enemy3.sks in Resources */ = {isa = PBXBuildFile; fileRef = 74CF6887258403B3000C4E47 /* enemy3.sks */; };
		74CF688A25843DA9000C4E47 /* explosionnew.wav in Resources */ = {isa = PBXBuildFile; fileRef = 74CF688925843DA9000C4E47 /* explosionnew.wav */; };
		74CF688C25843F26000C4E47 /* miniLasernew.wav in Resources */ = {isa = PBXBuildFile; fileRef = 74CF688B25843F26000C4E47 /* miniLasernew.wav */; };
		74CF688E25849F2E000C4E47 /* shotgunnew.wav in Resources */ = {isa = PBXBuildFile; fileRef = 74CF688D25849F2E000C4E47 /* shotgunnew.wav */; };
		74CF68922584A44B000C4E47 /* shotgun1new.wav in Resources */ = {isa = PBXBuildFile; fileRef = 74CF68912584A44B000C4E47 /* shotgun1new.wav */; };
		74CF6895258D787C000C4E47 /* Tutorial.sks in Resources */ = {isa = PBXBuildFile; fileRef = 74CF6894258D787C000C4E47 /* Tutorial.sks */; };
		74CF6899258D78E2000C4E47 /* Tutorial.swift in Sources */ = {isa = PBXBuildFile; fileRef = 74CF6898258D78E2000C4E47 /* Tutorial.swift */; };
		8100B1832575524900AA8A1F /* TurretBossNode.swift in Sources */ = {isa = PBXBuildFile; fileRef = 8100B1822575524900AA8A1F /* TurretBossNode.swift */; };
		810C92F525FB2F9F00C298C8 /* LoadIntro.swift in Sources */ = {isa = PBXBuildFile; fileRef = 810C92F325FB2F9F00C298C8 /* LoadIntro.swift */; };
		810C92FD25FB341F00C298C8 /* LoadIntro.sks in Resources */ = {isa = PBXBuildFile; fileRef = 810C92FC25FB341F00C298C8 /* LoadIntro.sks */; };
		810C930625FDEA0F00C298C8 /* infectionImages.atlas in Resources */ = {isa = PBXBuildFile; fileRef = 810C930525FDEA0F00C298C8 /* infectionImages.atlas */; };
		810C930925FDEA3200C298C8 /* astroImages.atlas in Resources */ = {isa = PBXBuildFile; fileRef = 810C930825FDEA3100C298C8 /* astroImages.atlas */; };
		810C930C25FDEA3800C298C8 /* ffaImages.atlas in Resources */ = {isa = PBXBuildFile; fileRef = 810C930B25FDEA3800C298C8 /* ffaImages.atlas */; };
		810C93102601137200C298C8 /* InfectionGameOver.sks in Resources */ = {isa = PBXBuildFile; fileRef = 810C930F2601137200C298C8 /* InfectionGameOver.sks */; };
		810C93132601137F00C298C8 /* InfectionGameOver.sks in Resources */ = {isa = PBXBuildFile; fileRef = 810C93122601137F00C298C8 /* InfectionGameOver.sks */; };
		810C931626011F3100C298C8 /* AstroballGameOver.sks in Resources */ = {isa = PBXBuildFile; fileRef = 810C931526011F3100C298C8 /* AstroballGameOver.sks */; };
		81135EED25E8312300B0F59F /* LoadLevelsMenu.sks in Resources */ = {isa = PBXBuildFile; fileRef = 81135EE925E8312200B0F59F /* LoadLevelsMenu.sks */; };
		81135EEE25E8312300B0F59F /* Level1.swift in Sources */ = {isa = PBXBuildFile; fileRef = 81135EEA25E8312300B0F59F /* Level1.swift */; };
		81135EEF25E8312300B0F59F /* Level1.sks in Resources */ = {isa = PBXBuildFile; fileRef = 81135EEB25E8312300B0F59F /* Level1.sks */; };
		81135EF025E8312300B0F59F /* LoadLevelsMenu.swift in Sources */ = {isa = PBXBuildFile; fileRef = 81135EEC25E8312300B0F59F /* LoadLevelsMenu.swift */; };
		81135EF325F14E5800B0F59F /* Level2.swift in Sources */ = {isa = PBXBuildFile; fileRef = 81135EF225F14E5800B0F59F /* Level2.swift */; };
		81135EF625F1514C00B0F59F /* Level2.sks in Resources */ = {isa = PBXBuildFile; fileRef = 81135EF525F1514C00B0F59F /* Level2.sks */; };
		8133262725F9A1CD00D857D7 /* ffaImages.atlas in Resources */ = {isa = PBXBuildFile; fileRef = 8133262625F9A1CD00D857D7 /* ffaImages.atlas */; };
		815799E52591079800734A45 /* pilotImages.atlas in Resources */ = {isa = PBXBuildFile; fileRef = 815799E42591079800734A45 /* pilotImages.atlas */; };
		815799E72591136900734A45 /* RespawnExplosion.sks in Resources */ = {isa = PBXBuildFile; fileRef = 815799E62591136900734A45 /* RespawnExplosion.sks */; };
		815799E925917EFD00734A45 /* BulletExplosion.sks in Resources */ = {isa = PBXBuildFile; fileRef = 815799E825917EFD00734A45 /* BulletExplosion.sks */; };
		8157B31225F4681E005E59C5 /* PilotFX.sks in Resources */ = {isa = PBXBuildFile; fileRef = 8157B31125F4681E005E59C5 /* PilotFX.sks */; };
		815AA69F25F998B500870CF9 /* infectionImages.atlas in Resources */ = {isa = PBXBuildFile; fileRef = 815AA69E25F998B400870CF9 /* infectionImages.atlas */; };
		816EE129259265D10053AE35 /* ShootingExplosion.sks in Resources */ = {isa = PBXBuildFile; fileRef = 816EE127259265D10053AE35 /* ShootingExplosion.sks */; };
		816EE12A259265D10053AE35 /* TurretShootingExplosion.sks in Resources */ = {isa = PBXBuildFile; fileRef = 816EE128259265D10053AE35 /* TurretShootingExplosion.sks */; };
		81708DC425A376650030C2C4 /* TurretBossMenu.swift in Sources */ = {isa = PBXBuildFile; fileRef = 81708DC325A376650030C2C4 /* TurretBossMenu.swift */; };
		81708DC825A565C50030C2C4 /* TurretBossMenu.sks in Resources */ = {isa = PBXBuildFile; fileRef = 81708DC725A565C50030C2C4 /* TurretBossMenu.sks */; };
		8177393225F9D9880054FC06 /* AstroBall.swift in Sources */ = {isa = PBXBuildFile; fileRef = 8177393125F9D9880054FC06 /* AstroBall.swift */; };
		8177393525F9DAE20054FC06 /* Infection.swift in Sources */ = {isa = PBXBuildFile; fileRef = 8177393425F9DAE20054FC06 /* Infection.swift */; };
		8186856225F9AD6C00B9CBF3 /* astroImages.atlas in Resources */ = {isa = PBXBuildFile; fileRef = 8186856125F9AD6C00B9CBF3 /* astroImages.atlas */; };
		81A4CEE025FA8C2C001C2602 /* Infection.sks in Resources */ = {isa = PBXBuildFile; fileRef = 81A4CEDF25FA8C2C001C2602 /* Infection.sks */; };
		81A4CEE325FA8C56001C2602 /* AstroBall.sks in Resources */ = {isa = PBXBuildFile; fileRef = 81A4CEE225FA8C56001C2602 /* AstroBall.sks */; };
		81EA5C5925F4414200A127A7 /* Level3.swift in Sources */ = {isa = PBXBuildFile; fileRef = 81EA5C5825F4414200A127A7 /* Level3.swift */; };
		81EA5C5C25F4416800A127A7 /* Level3.sks in Resources */ = {isa = PBXBuildFile; fileRef = 81EA5C5B25F4416800A127A7 /* Level3.sks */; };
		CE9C6D9C25E8275800D47FCC /* GameScene.sks in Resources */ = {isa = PBXBuildFile; fileRef = CE9C6D9925E8275800D47FCC /* GameScene.sks */; };
		CE9C6D9D25E8275800D47FCC /* GameSceneBase.sks in Resources */ = {isa = PBXBuildFile; fileRef = CE9C6D9A25E8275800D47FCC /* GameSceneBase.sks */; };
		CE9C6D9E25E8275800D47FCC /* Hud.sks in Resources */ = {isa = PBXBuildFile; fileRef = CE9C6D9B25E8275800D47FCC /* Hud.sks */; };
		CEDECCD725F4C18E00C01A7D /* SoloMenu.sks in Resources */ = {isa = PBXBuildFile; fileRef = CEDECCD925F4C18E00C01A7D /* SoloMenu.sks */; };
		CEF309CF25C1E86D007B8B39 /* DataPusher.swift in Sources */ = {isa = PBXBuildFile; fileRef = CEF309CE25C1E86D007B8B39 /* DataPusher.swift */; };
		CEF309D825C1EAC0007B8B39 /* MultiplayerHandler.swift in Sources */ = {isa = PBXBuildFile; fileRef = CEF309D725C1EAC0007B8B39 /* MultiplayerHandler.swift */; };
		CEF309FB25C33700007B8B39 /* Global.swift in Sources */ = {isa = PBXBuildFile; fileRef = CEF309FA25C33700007B8B39 /* Global.swift */; };
		CEF309FF25C337D7007B8B39 /* PlayerData.swift in Sources */ = {isa = PBXBuildFile; fileRef = CEF309FE25C337D7007B8B39 /* PlayerData.swift */; };
		CEF30A1B25CA65BF007B8B39 /* GameSceneBase.swift in Sources */ = {isa = PBXBuildFile; fileRef = CEF30A1A25CA65BF007B8B39 /* GameSceneBase.swift */; };
		CEF30A1F25CA65CC007B8B39 /* GameSceneOnline.swift in Sources */ = {isa = PBXBuildFile; fileRef = CEF30A1E25CA65CC007B8B39 /* GameSceneOnline.swift */; };
		CEF30A2225CA65E0007B8B39 /* SpaceshipBase.swift in Sources */ = {isa = PBXBuildFile; fileRef = CEF30A2125CA65E0007B8B39 /* SpaceshipBase.swift */; };
		CEF30A2525CA65EF007B8B39 /* LocalSpaceship.swift in Sources */ = {isa = PBXBuildFile; fileRef = CEF30A2425CA65EF007B8B39 /* LocalSpaceship.swift */; };
		CEF30A2825CA65FD007B8B39 /* RemoteSpaceship.swift in Sources */ = {isa = PBXBuildFile; fileRef = CEF30A2725CA65FD007B8B39 /* RemoteSpaceship.swift */; };
		CEF30A2B25CB0C39007B8B39 /* Payload.swift in Sources */ = {isa = PBXBuildFile; fileRef = CEF30A2A25CB0C39007B8B39 /* Payload.swift */; };
/* End PBXBuildFile section */

/* Begin PBXFileReference section */
		028FEFE625F7EFC600D519A5 /* GameData.swift */ = {isa = PBXFileReference; lastKnownFileType = sourcecode.swift; path = GameData.swift; sourceTree = "<group>"; };
		6BEC5117A23B6C351E6D91CF /* Pods-APBOv2.release.xcconfig */ = {isa = PBXFileReference; includeInIndex = 1; lastKnownFileType = text.xcconfig; name = "Pods-APBOv2.release.xcconfig"; path = "Target Support Files/Pods-APBOv2/Pods-APBOv2.release.xcconfig"; sourceTree = "<group>"; };
		74235B1D2590FCFC00AC4675 /* GameKit.framework */ = {isa = PBXFileReference; lastKnownFileType = wrapper.framework; name = GameKit.framework; path = System/Library/Frameworks/GameKit.framework; sourceTree = SDKROOT; };
		74235B1F25A7724400AC4675 /* GameCenter.swift */ = {isa = PBXFileReference; lastKnownFileType = sourcecode.swift; path = GameCenter.swift; sourceTree = "<group>"; };
		7451FF772576FE8F0074CC2E /* Spark.sks */ = {isa = PBXFileReference; lastKnownFileType = file.sks; path = Spark.sks; sourceTree = "<group>"; };
		748500AD25E6C0730063F73B /* LobbyMenu.swift */ = {isa = PBXFileReference; lastKnownFileType = sourcecode.swift; path = LobbyMenu.swift; sourceTree = "<group>"; };
		748500AF25E6C0910063F73B /* LobbyMenu.sks */ = {isa = PBXFileReference; lastKnownFileType = file.sks; path = LobbyMenu.sks; sourceTree = "<group>"; };
		748500B325E76C960063F73B /* GoogleService-Info.plist */ = {isa = PBXFileReference; fileEncoding = 4; lastKnownFileType = text.plist.xml; path = "GoogleService-Info.plist"; sourceTree = "<group>"; };
		748CEDA025657B65005DF246 /* MainMenu.sks */ = {isa = PBXFileReference; lastKnownFileType = file.sks; path = MainMenu.sks; sourceTree = "<group>"; };
		748CEDAA25657F2E005DF246 /* MSButtonNode.swift */ = {isa = PBXFileReference; lastKnownFileType = sourcecode.swift; path = MSButtonNode.swift; sourceTree = "<group>"; };
		748CEDAD25658207005DF246 /* MainMenu.swift */ = {isa = PBXFileReference; lastKnownFileType = sourcecode.swift; path = MainMenu.swift; sourceTree = "<group>"; };
		748CEDB3256C151F005DF246 /* SoloMenu.swift */ = {isa = PBXFileReference; lastKnownFileType = sourcecode.swift; path = SoloMenu.swift; sourceTree = "<group>"; };
		748CEDBD256D6EF8005DF246 /* TurretBoss.swift */ = {isa = PBXFileReference; lastKnownFileType = sourcecode.swift; path = TurretBoss.swift; sourceTree = "<group>"; wrapsLines = 1; };
		748CEDC0256D6F24005DF246 /* TurretBoss.sks */ = {isa = PBXFileReference; lastKnownFileType = file.sks; path = TurretBoss.sks; sourceTree = "<group>"; };
		748CEDC3256D7362005DF246 /* OnlineMenu.swift */ = {isa = PBXFileReference; lastKnownFileType = sourcecode.swift; path = OnlineMenu.swift; sourceTree = "<group>"; };
		748CEDC5256D737B005DF246 /* OnlineMenu.sks */ = {isa = PBXFileReference; lastKnownFileType = file.sks; path = OnlineMenu.sks; sourceTree = "<group>"; };
		748FC4B325DD987500756B4A /* HostMenu.sks */ = {isa = PBXFileReference; lastKnownFileType = file.sks; path = HostMenu.sks; sourceTree = "<group>"; };
		748FC4B525DD98E500756B4A /* HostMenu.swift */ = {isa = PBXFileReference; lastKnownFileType = sourcecode.swift; path = HostMenu.swift; sourceTree = "<group>"; };
		749EBC0D25599D84003EA0B3 /* Explosion.sks */ = {isa = PBXFileReference; lastKnownFileType = file.sks; path = Explosion.sks; sourceTree = "<group>"; };
		749EBC0F25599EF3003EA0B3 /* enemy-types.json */ = {isa = PBXFileReference; fileEncoding = 4; lastKnownFileType = text.json; path = "enemy-types.json"; sourceTree = "<group>"; };
		749EBC57255AF9E7003EA0B3 /* waves.json */ = {isa = PBXFileReference; fileEncoding = 4; lastKnownFileType = text.json; path = waves.json; sourceTree = "<group>"; };
		749EBC59255AFA34003EA0B3 /* Wave.swift */ = {isa = PBXFileReference; fileEncoding = 4; lastKnownFileType = sourcecode.swift; path = Wave.swift; sourceTree = "<group>"; };
		749EBC5B255AFA58003EA0B3 /* Bundle-Decoding.swift */ = {isa = PBXFileReference; fileEncoding = 4; lastKnownFileType = sourcecode.swift; path = "Bundle-Decoding.swift"; sourceTree = "<group>"; };
		74C3CFAC253F3BE900757586 /* Ghost Pilots.app */ = {isa = PBXFileReference; explicitFileType = wrapper.application; includeInIndex = 0; path = "Ghost Pilots.app"; sourceTree = BUILT_PRODUCTS_DIR; };
		74C3CFAF253F3BE900757586 /* AppDelegate.swift */ = {isa = PBXFileReference; lastKnownFileType = sourcecode.swift; path = AppDelegate.swift; sourceTree = "<group>"; };
		74C3CFB3253F3BE900757586 /* Actions.sks */ = {isa = PBXFileReference; lastKnownFileType = file.sks; path = Actions.sks; sourceTree = "<group>"; };
		74C3CFB5253F3BE900757586 /* GameScene.swift */ = {isa = PBXFileReference; lastKnownFileType = sourcecode.swift; path = GameScene.swift; sourceTree = "<group>"; };
		74C3CFB7253F3BE900757586 /* GameViewController.swift */ = {isa = PBXFileReference; lastKnownFileType = sourcecode.swift; path = GameViewController.swift; sourceTree = "<group>"; };
		74C3CFBA253F3BE900757586 /* Base */ = {isa = PBXFileReference; lastKnownFileType = file.storyboard; name = Base; path = Base.lproj/Main.storyboard; sourceTree = "<group>"; };
		74C3CFBC253F3BED00757586 /* Assets.xcassets */ = {isa = PBXFileReference; lastKnownFileType = folder.assetcatalog; path = Assets.xcassets; sourceTree = "<group>"; };
		74C3CFBF253F3BED00757586 /* Base */ = {isa = PBXFileReference; lastKnownFileType = file.storyboard; name = Base; path = Base.lproj/LaunchScreen.storyboard; sourceTree = "<group>"; };
		74C3CFC1253F3BED00757586 /* Info.plist */ = {isa = PBXFileReference; lastKnownFileType = text.plist.xml; path = Info.plist; sourceTree = "<group>"; };
		74C3CFC7253F3E3D00757586 /* Starfield.sks */ = {isa = PBXFileReference; lastKnownFileType = file.sks; path = Starfield.sks; sourceTree = "<group>"; };
		74C3CFD025506D0300757586 /* Thrusters.sks */ = {isa = PBXFileReference; lastKnownFileType = file.sks; path = Thrusters.sks; sourceTree = "<group>"; };
		74C3CFD125506D0300757586 /* Assets.xcassets */ = {isa = PBXFileReference; lastKnownFileType = folder.assetcatalog; path = Assets.xcassets; sourceTree = "<group>"; };
		74C3CFDA2553100100757586 /* EnemyNode.swift */ = {isa = PBXFileReference; lastKnownFileType = sourcecode.swift; path = EnemyNode.swift; sourceTree = "<group>"; };
		74C3CFDC2553109000757586 /* EnemyType.swift */ = {isa = PBXFileReference; lastKnownFileType = sourcecode.swift; path = EnemyType.swift; sourceTree = "<group>"; };
		74CF6841257C2EA8000C4E47 /* ShipExplosion.sks */ = {isa = PBXFileReference; lastKnownFileType = file.sks; path = ShipExplosion.sks; sourceTree = "<group>"; };
		74CF6845257C4E26000C4E47 /* PilotThrust.sks */ = {isa = PBXFileReference; lastKnownFileType = file.sks; path = PilotThrust.sks; sourceTree = "<group>"; };
		74CF6847257FDF30000C4E47 /* PilotBlood.sks */ = {isa = PBXFileReference; lastKnownFileType = file.sks; path = PilotBlood.sks; sourceTree = "<group>"; };
		74CF684B2581EF11000C4E47 /* Laser1.wav */ = {isa = PBXFileReference; lastKnownFileType = audio.wav; path = Laser1.wav; sourceTree = "<group>"; };
		74CF684D2581EF1D000C4E47 /* Laser2.wav */ = {isa = PBXFileReference; lastKnownFileType = audio.wav; path = Laser2.wav; sourceTree = "<group>"; };
		74CF684F2581F781000C4E47 /* menuThump.wav */ = {isa = PBXFileReference; lastKnownFileType = audio.wav; path = menuThump.wav; sourceTree = "<group>"; };
		74CF68522581FE64000C4E47 /* pilotSquish.wav */ = {isa = PBXFileReference; lastKnownFileType = audio.wav; path = pilotSquish.wav; sourceTree = "<group>"; };
		74CF685425820076000C4E47 /* pilotSquish2.wav */ = {isa = PBXFileReference; lastKnownFileType = audio.wav; path = pilotSquish2.wav; sourceTree = "<group>"; };
		74CF6856258201BA000C4E47 /* pilotSquish3.wav */ = {isa = PBXFileReference; lastKnownFileType = audio.wav; path = pilotSquish3.wav; sourceTree = "<group>"; };
		74CF685B258289A0000C4E47 /* AVFoundation.framework */ = {isa = PBXFileReference; lastKnownFileType = wrapper.framework; name = AVFoundation.framework; path = System/Library/Frameworks/AVFoundation.framework; sourceTree = SDKROOT; };
		74CF685D25828DB8000C4E47 /* Laser1new.wav */ = {isa = PBXFileReference; lastKnownFileType = audio.wav; path = Laser1new.wav; sourceTree = "<group>"; };
		74CF685F25828E80000C4E47 /* menuThumpnew.wav */ = {isa = PBXFileReference; lastKnownFileType = audio.wav; path = menuThumpnew.wav; sourceTree = "<group>"; };
		74CF686125829626000C4E47 /* miniLaser.aiff */ = {isa = PBXFileReference; lastKnownFileType = audio.aiff; path = miniLaser.aiff; sourceTree = "<group>"; };
		74CF686325829655000C4E47 /* chargeLaser.ogg */ = {isa = PBXFileReference; lastKnownFileType = file; path = chargeLaser.ogg; sourceTree = "<group>"; };
		74CF686425829691000C4E47 /* chargeLaser2.mp3 */ = {isa = PBXFileReference; lastKnownFileType = audio.mp3; path = chargeLaser2.mp3; sourceTree = "<group>"; };
		74CF6866258296A8000C4E47 /* revive.wav */ = {isa = PBXFileReference; lastKnownFileType = audio.wav; path = revive.wav; sourceTree = "<group>"; };
		74CF6868258296F0000C4E47 /* miniLaser2.wav */ = {isa = PBXFileReference; lastKnownFileType = audio.wav; path = miniLaser2.wav; sourceTree = "<group>"; };
		74CF686E25829A28000C4E47 /* Laser2new.wav */ = {isa = PBXFileReference; lastKnownFileType = audio.wav; path = Laser2new.wav; sourceTree = "<group>"; };
		74CF687225829F9C000C4E47 /* revivenew.wav */ = {isa = PBXFileReference; lastKnownFileType = audio.wav; path = revivenew.wav; sourceTree = "<group>"; };
		74CF68742582CF37000C4E47 /* EnemyThruster.sks */ = {isa = PBXFileReference; lastKnownFileType = file.sks; path = EnemyThruster.sks; sourceTree = "<group>"; };
		74CF68762582F889000C4E47 /* Player.sks */ = {isa = PBXFileReference; lastKnownFileType = file.sks; path = Player.sks; sourceTree = "<group>"; };
		74CF687925830AD6000C4E47 /* ghost.sks */ = {isa = PBXFileReference; lastKnownFileType = file.sks; path = ghost.sks; sourceTree = "<group>"; };
		74CF687B25830BB7000C4E47 /* enemy.sks */ = {isa = PBXFileReference; lastKnownFileType = file.sks; path = enemy.sks; sourceTree = "<group>"; };
		74CF687D25830C93000C4E47 /* bluePlayer.sks */ = {isa = PBXFileReference; lastKnownFileType = file.sks; path = bluePlayer.sks; sourceTree = "<group>"; };
		74CF687F25830C99000C4E47 /* greenPlayer.sks */ = {isa = PBXFileReference; lastKnownFileType = file.sks; path = greenPlayer.sks; sourceTree = "<group>"; };
		74CF688125830CA0000C4E47 /* yellowPlayer.sks */ = {isa = PBXFileReference; lastKnownFileType = file.sks; path = yellowPlayer.sks; sourceTree = "<group>"; };
		74CF68832583CAE0000C4E47 /* swishnew.mp3 */ = {isa = PBXFileReference; lastKnownFileType = audio.mp3; path = swishnew.mp3; sourceTree = "<group>"; };
		74CF688525840398000C4E47 /* enemy2.sks */ = {isa = PBXFileReference; lastKnownFileType = file.sks; path = enemy2.sks; sourceTree = "<group>"; };
		74CF6887258403B3000C4E47 /* enemy3.sks */ = {isa = PBXFileReference; lastKnownFileType = file.sks; path = enemy3.sks; sourceTree = "<group>"; };
		74CF688925843DA9000C4E47 /* explosionnew.wav */ = {isa = PBXFileReference; lastKnownFileType = audio.wav; path = explosionnew.wav; sourceTree = "<group>"; };
		74CF688B25843F26000C4E47 /* miniLasernew.wav */ = {isa = PBXFileReference; lastKnownFileType = audio.wav; path = miniLasernew.wav; sourceTree = "<group>"; };
		74CF688D25849F2E000C4E47 /* shotgunnew.wav */ = {isa = PBXFileReference; lastKnownFileType = audio.wav; path = shotgunnew.wav; sourceTree = "<group>"; };
		74CF68912584A44B000C4E47 /* shotgun1new.wav */ = {isa = PBXFileReference; lastKnownFileType = audio.wav; path = shotgun1new.wav; sourceTree = "<group>"; };
		74CF6894258D787C000C4E47 /* Tutorial.sks */ = {isa = PBXFileReference; lastKnownFileType = file.sks; path = Tutorial.sks; sourceTree = "<group>"; };
		74CF6898258D78E2000C4E47 /* Tutorial.swift */ = {isa = PBXFileReference; lastKnownFileType = sourcecode.swift; path = Tutorial.swift; sourceTree = "<group>"; };
		8100B1822575524900AA8A1F /* TurretBossNode.swift */ = {isa = PBXFileReference; lastKnownFileType = sourcecode.swift; path = TurretBossNode.swift; sourceTree = "<group>"; };
		810C92F325FB2F9F00C298C8 /* LoadIntro.swift */ = {isa = PBXFileReference; fileEncoding = 4; lastKnownFileType = sourcecode.swift; path = LoadIntro.swift; sourceTree = "<group>"; };
		810C92FC25FB341F00C298C8 /* LoadIntro.sks */ = {isa = PBXFileReference; lastKnownFileType = file.sks; path = LoadIntro.sks; sourceTree = "<group>"; };
		810C930525FDEA0F00C298C8 /* infectionImages.atlas */ = {isa = PBXFileReference; lastKnownFileType = folder.skatlas; path = infectionImages.atlas; sourceTree = "<group>"; };
		810C930825FDEA3100C298C8 /* astroImages.atlas */ = {isa = PBXFileReference; lastKnownFileType = folder.skatlas; path = astroImages.atlas; sourceTree = "<group>"; };
		810C930B25FDEA3800C298C8 /* ffaImages.atlas */ = {isa = PBXFileReference; lastKnownFileType = folder.skatlas; path = ffaImages.atlas; sourceTree = "<group>"; };
		810C930F2601137200C298C8 /* InfectionGameOver.sks */ = {isa = PBXFileReference; lastKnownFileType = file.sks; name = InfectionGameOver.sks; path = APBOv2/Particles/InfectionGameOver.sks; sourceTree = SOURCE_ROOT; };
		810C93122601137F00C298C8 /* InfectionGameOver.sks */ = {isa = PBXFileReference; lastKnownFileType = file.sks; path = InfectionGameOver.sks; sourceTree = "<group>"; };
		810C931526011F3100C298C8 /* AstroballGameOver.sks */ = {isa = PBXFileReference; lastKnownFileType = file.sks; path = AstroballGameOver.sks; sourceTree = "<group>"; };
		81135EE925E8312200B0F59F /* LoadLevelsMenu.sks */ = {isa = PBXFileReference; lastKnownFileType = file.sks; name = LoadLevelsMenu.sks; path = APBOv2/TurretBoss/LoadLevelsMenu.sks; sourceTree = SOURCE_ROOT; };
		81135EEA25E8312300B0F59F /* Level1.swift */ = {isa = PBXFileReference; fileEncoding = 4; lastKnownFileType = sourcecode.swift; path = Level1.swift; sourceTree = "<group>"; };
		81135EEB25E8312300B0F59F /* Level1.sks */ = {isa = PBXFileReference; lastKnownFileType = file.sks; path = Level1.sks; sourceTree = "<group>"; };
		81135EEC25E8312300B0F59F /* LoadLevelsMenu.swift */ = {isa = PBXFileReference; fileEncoding = 4; lastKnownFileType = sourcecode.swift; path = LoadLevelsMenu.swift; sourceTree = "<group>"; };
		81135EF225F14E5800B0F59F /* Level2.swift */ = {isa = PBXFileReference; lastKnownFileType = sourcecode.swift; path = Level2.swift; sourceTree = "<group>"; };
		81135EF525F1514C00B0F59F /* Level2.sks */ = {isa = PBXFileReference; lastKnownFileType = file.sks; path = Level2.sks; sourceTree = "<group>"; };
		8133262625F9A1CD00D857D7 /* ffaImages.atlas */ = {isa = PBXFileReference; lastKnownFileType = folder.skatlas; path = ffaImages.atlas; sourceTree = "<group>"; };
		815799E42591079800734A45 /* pilotImages.atlas */ = {isa = PBXFileReference; lastKnownFileType = folder.skatlas; path = pilotImages.atlas; sourceTree = "<group>"; };
		815799E62591136900734A45 /* RespawnExplosion.sks */ = {isa = PBXFileReference; lastKnownFileType = file.sks; path = RespawnExplosion.sks; sourceTree = "<group>"; };
		815799E825917EFD00734A45 /* BulletExplosion.sks */ = {isa = PBXFileReference; lastKnownFileType = file.sks; path = BulletExplosion.sks; sourceTree = "<group>"; };
		8157B31125F4681E005E59C5 /* PilotFX.sks */ = {isa = PBXFileReference; lastKnownFileType = file.sks; path = PilotFX.sks; sourceTree = "<group>"; };
		815AA69E25F998B400870CF9 /* infectionImages.atlas */ = {isa = PBXFileReference; lastKnownFileType = folder.skatlas; path = infectionImages.atlas; sourceTree = "<group>"; };
		816EE127259265D10053AE35 /* ShootingExplosion.sks */ = {isa = PBXFileReference; lastKnownFileType = file.sks; path = ShootingExplosion.sks; sourceTree = "<group>"; };
		816EE128259265D10053AE35 /* TurretShootingExplosion.sks */ = {isa = PBXFileReference; lastKnownFileType = file.sks; path = TurretShootingExplosion.sks; sourceTree = "<group>"; };
		81708DC325A376650030C2C4 /* TurretBossMenu.swift */ = {isa = PBXFileReference; lastKnownFileType = sourcecode.swift; path = TurretBossMenu.swift; sourceTree = "<group>"; };
		81708DC725A565C50030C2C4 /* TurretBossMenu.sks */ = {isa = PBXFileReference; lastKnownFileType = file.sks; path = TurretBossMenu.sks; sourceTree = "<group>"; };
		8177393125F9D9880054FC06 /* AstroBall.swift */ = {isa = PBXFileReference; lastKnownFileType = sourcecode.swift; path = AstroBall.swift; sourceTree = "<group>"; };
		8177393425F9DAE20054FC06 /* Infection.swift */ = {isa = PBXFileReference; lastKnownFileType = sourcecode.swift; path = Infection.swift; sourceTree = "<group>"; };
		8186856125F9AD6C00B9CBF3 /* astroImages.atlas */ = {isa = PBXFileReference; lastKnownFileType = folder.skatlas; path = astroImages.atlas; sourceTree = "<group>"; };
		81A4CEDF25FA8C2C001C2602 /* Infection.sks */ = {isa = PBXFileReference; lastKnownFileType = file.sks; path = Infection.sks; sourceTree = "<group>"; };
		81A4CEE225FA8C56001C2602 /* AstroBall.sks */ = {isa = PBXFileReference; lastKnownFileType = file.sks; path = AstroBall.sks; sourceTree = "<group>"; };
		81EA5C5825F4414200A127A7 /* Level3.swift */ = {isa = PBXFileReference; fileEncoding = 4; lastKnownFileType = sourcecode.swift; path = Level3.swift; sourceTree = "<group>"; };
		81EA5C5B25F4416800A127A7 /* Level3.sks */ = {isa = PBXFileReference; lastKnownFileType = file.sks; path = Level3.sks; sourceTree = "<group>"; };
		BF55C5AA57697F270DE41606 /* Pods-APBOv2.debug.xcconfig */ = {isa = PBXFileReference; includeInIndex = 1; lastKnownFileType = text.xcconfig; name = "Pods-APBOv2.debug.xcconfig"; path = "Target Support Files/Pods-APBOv2/Pods-APBOv2.debug.xcconfig"; sourceTree = "<group>"; };
		CE9C6D9925E8275800D47FCC /* GameScene.sks */ = {isa = PBXFileReference; lastKnownFileType = file.sks; path = GameScene.sks; sourceTree = "<group>"; };
		CE9C6D9A25E8275800D47FCC /* GameSceneBase.sks */ = {isa = PBXFileReference; lastKnownFileType = file.sks; path = GameSceneBase.sks; sourceTree = "<group>"; };
		CE9C6D9B25E8275800D47FCC /* Hud.sks */ = {isa = PBXFileReference; lastKnownFileType = file.sks; path = Hud.sks; sourceTree = "<group>"; };
		CEDECCD825F4C18E00C01A7D /* Base */ = {isa = PBXFileReference; lastKnownFileType = file.sks; name = Base; path = Base.lproj/SoloMenu.sks; sourceTree = "<group>"; };
		CEF309CE25C1E86D007B8B39 /* DataPusher.swift */ = {isa = PBXFileReference; lastKnownFileType = sourcecode.swift; path = DataPusher.swift; sourceTree = "<group>"; };
		CEF309D725C1EAC0007B8B39 /* MultiplayerHandler.swift */ = {isa = PBXFileReference; lastKnownFileType = sourcecode.swift; path = MultiplayerHandler.swift; sourceTree = "<group>"; };
		CEF309FA25C33700007B8B39 /* Global.swift */ = {isa = PBXFileReference; lastKnownFileType = sourcecode.swift; path = Global.swift; sourceTree = "<group>"; };
		CEF309FE25C337D7007B8B39 /* PlayerData.swift */ = {isa = PBXFileReference; lastKnownFileType = sourcecode.swift; path = PlayerData.swift; sourceTree = "<group>"; };
		CEF30A1A25CA65BF007B8B39 /* GameSceneBase.swift */ = {isa = PBXFileReference; lastKnownFileType = sourcecode.swift; path = GameSceneBase.swift; sourceTree = "<group>"; };
		CEF30A1E25CA65CC007B8B39 /* GameSceneOnline.swift */ = {isa = PBXFileReference; lastKnownFileType = sourcecode.swift; path = GameSceneOnline.swift; sourceTree = "<group>"; };
		CEF30A2125CA65E0007B8B39 /* SpaceshipBase.swift */ = {isa = PBXFileReference; lastKnownFileType = sourcecode.swift; path = SpaceshipBase.swift; sourceTree = "<group>"; };
		CEF30A2425CA65EF007B8B39 /* LocalSpaceship.swift */ = {isa = PBXFileReference; lastKnownFileType = sourcecode.swift; path = LocalSpaceship.swift; sourceTree = "<group>"; };
		CEF30A2725CA65FD007B8B39 /* RemoteSpaceship.swift */ = {isa = PBXFileReference; lastKnownFileType = sourcecode.swift; path = RemoteSpaceship.swift; sourceTree = "<group>"; };
		CEF30A2A25CB0C39007B8B39 /* Payload.swift */ = {isa = PBXFileReference; lastKnownFileType = sourcecode.swift; path = Payload.swift; sourceTree = "<group>"; };
		D4F8ACF3585F6FBBF6F50A6C /* Pods_APBOv2.framework */ = {isa = PBXFileReference; explicitFileType = wrapper.framework; includeInIndex = 0; path = Pods_APBOv2.framework; sourceTree = BUILT_PRODUCTS_DIR; };
/* End PBXFileReference section */

/* Begin PBXFrameworksBuildPhase section */
		74C3CFA9253F3BE900757586 /* Frameworks */ = {
			isa = PBXFrameworksBuildPhase;
			buildActionMask = 2147483647;
			files = (
				74235B1E2590FCFC00AC4675 /* GameKit.framework in Frameworks */,
				4334487CB521F6ACB8FA20C5 /* Pods_APBOv2.framework in Frameworks */,
			);
			runOnlyForDeploymentPostprocessing = 0;
		};
/* End PBXFrameworksBuildPhase section */

/* Begin PBXGroup section */
		748CEDAC256581E5005DF246 /* MainMenu */ = {
			isa = PBXGroup;
			children = (
				810C92F325FB2F9F00C298C8 /* LoadIntro.swift */,
				810C92FC25FB341F00C298C8 /* LoadIntro.sks */,
				748CEDAD25658207005DF246 /* MainMenu.swift */,
				748CEDA025657B65005DF246 /* MainMenu.sks */,
			);
			path = MainMenu;
			sourceTree = "<group>";
		};
		748CEDB02566F215005DF246 /* Enemies */ = {
			isa = PBXGroup;
			children = (
				74C3CFDA2553100100757586 /* EnemyNode.swift */,
				8100B1822575524900AA8A1F /* TurretBossNode.swift */,
				74C3CFDC2553109000757586 /* EnemyType.swift */,
				749EBC59255AFA34003EA0B3 /* Wave.swift */,
				749EBC0F25599EF3003EA0B3 /* enemy-types.json */,
				749EBC57255AF9E7003EA0B3 /* waves.json */,
			);
			path = Enemies;
			sourceTree = "<group>";
		};
		748CEDB2256701D0005DF246 /* Random Files idk */ = {
			isa = PBXGroup;
			children = (
				74C3CFB9253F3BE900757586 /* Main.storyboard */,
				74C3CFBE253F3BED00757586 /* LaunchScreen.storyboard */,
				74C3CFAF253F3BE900757586 /* AppDelegate.swift */,
			);
			path = "Random Files idk";
			sourceTree = "<group>";
		};
		748CEDB7256C1AD4005DF246 /* SoloMenu */ = {
			isa = PBXGroup;
			children = (
				81135EEB25E8312300B0F59F /* Level1.sks */,
				81135EEA25E8312300B0F59F /* Level1.swift */,
				81135EF225F14E5800B0F59F /* Level2.swift */,
				81135EF525F1514C00B0F59F /* Level2.sks */,
				81EA5C5B25F4416800A127A7 /* Level3.sks */,
				81EA5C5825F4414200A127A7 /* Level3.swift */,
				81135EE925E8312200B0F59F /* LoadLevelsMenu.sks */,
				81135EEC25E8312300B0F59F /* LoadLevelsMenu.swift */,
				748CEDB3256C151F005DF246 /* SoloMenu.swift */,
				CEDECCD925F4C18E00C01A7D /* SoloMenu.sks */,
			);
			path = SoloMenu;
			sourceTree = "<group>";
		};
		748CEDBF256D6F04005DF246 /* TurretBoss */ = {
			isa = PBXGroup;
			children = (
				81708DC325A376650030C2C4 /* TurretBossMenu.swift */,
				81708DC725A565C50030C2C4 /* TurretBossMenu.sks */,
				748CEDBD256D6EF8005DF246 /* TurretBoss.swift */,
				748CEDC0256D6F24005DF246 /* TurretBoss.sks */,
			);
			path = TurretBoss;
			sourceTree = "<group>";
		};
		748CEDC2256D7342005DF246 /* OnlineMenu */ = {
			isa = PBXGroup;
			children = (
				748CEDC3256D7362005DF246 /* OnlineMenu.swift */,
				748CEDC5256D737B005DF246 /* OnlineMenu.sks */,
				748FC4B525DD98E500756B4A /* HostMenu.swift */,
				748FC4B325DD987500756B4A /* HostMenu.sks */,
				748500AD25E6C0730063F73B /* LobbyMenu.swift */,
				748500AF25E6C0910063F73B /* LobbyMenu.sks */,
			);
			path = OnlineMenu;
			sourceTree = "<group>";
		};
		74C3CFA3253F3BE900757586 = {
			isa = PBXGroup;
			children = (
				74C3CFAE253F3BE900757586 /* APBOv2 */,
				74C3CFAD253F3BE900757586 /* Products */,
				74CF685A258289A0000C4E47 /* Frameworks */,
				B93BFE38F0309C36ED6E13F1 /* Pods */,
			);
			sourceTree = "<group>";
		};
		74C3CFAD253F3BE900757586 /* Products */ = {
			isa = PBXGroup;
			children = (
				74C3CFAC253F3BE900757586 /* Ghost Pilots.app */,
			);
			name = Products;
			sourceTree = "<group>";
		};
		74C3CFAE253F3BE900757586 /* APBOv2 */ = {
			isa = PBXGroup;
			children = (
				810C930B25FDEA3800C298C8 /* ffaImages.atlas */,
				810C930825FDEA3100C298C8 /* astroImages.atlas */,
				810C930525FDEA0F00C298C8 /* infectionImages.atlas */,
				CEF30A1925CA65AC007B8B39 /* GameScenes */,
				CEF30A1825CA65A2007B8B39 /* Spaceships */,
				CEF309D225C1E9F3007B8B39 /* OnlineGame */,
				CEF309CD25C1E82A007B8B39 /* Firebase */,
				815799E42591079800734A45 /* pilotImages.atlas */,
				74CF6893258D7833000C4E47 /* Tutorial */,
				748CEDC2256D7342005DF246 /* OnlineMenu */,
				748CEDB7256C1AD4005DF246 /* SoloMenu */,
				748CEDBF256D6F04005DF246 /* TurretBoss */,
				748CEDAC256581E5005DF246 /* MainMenu */,
				74C3CFCF25506CEA00757586 /* Particles */,
				74CF68512581F7A9000C4E47 /* Sounds */,
				748CEDB02566F215005DF246 /* Enemies */,
				748CEDAA25657F2E005DF246 /* MSButtonNode.swift */,
				74C3CFB5253F3BE900757586 /* GameScene.swift */,
				CE9C6D9925E8275800D47FCC /* GameScene.sks */,
				74C3CFB7253F3BE900757586 /* GameViewController.swift */,
				74235B1F25A7724400AC4675 /* GameCenter.swift */,
				74C3CFB3253F3BE900757586 /* Actions.sks */,
				74C3CFBC253F3BED00757586 /* Assets.xcassets */,
				8186856125F9AD6C00B9CBF3 /* astroImages.atlas */,
				8133262625F9A1CD00D857D7 /* ffaImages.atlas */,
				815AA69E25F998B400870CF9 /* infectionImages.atlas */,
				74C3CFC1253F3BED00757586 /* Info.plist */,
				748500B325E76C960063F73B /* GoogleService-Info.plist */,
				749EBC5B255AFA58003EA0B3 /* Bundle-Decoding.swift */,
				748CEDB2256701D0005DF246 /* Random Files idk */,
			);
			path = APBOv2;
			sourceTree = "<group>";
		};
		74C3CFCF25506CEA00757586 /* Particles */ = {
			isa = PBXGroup;
			children = (
				74CF687825830AA1000C4E47 /* MainMenu */,
				749EBC0D25599D84003EA0B3 /* Explosion.sks */,
				810C931526011F3100C298C8 /* AstroballGameOver.sks */,
				810C93122601137F00C298C8 /* InfectionGameOver.sks */,
				816EE127259265D10053AE35 /* ShootingExplosion.sks */,
				816EE128259265D10053AE35 /* TurretShootingExplosion.sks */,
				7451FF772576FE8F0074CC2E /* Spark.sks */,
				815799E825917EFD00734A45 /* BulletExplosion.sks */,
				815799E62591136900734A45 /* RespawnExplosion.sks */,
				8157B31125F4681E005E59C5 /* PilotFX.sks */,
				74CF6847257FDF30000C4E47 /* PilotBlood.sks */,
				74CF6841257C2EA8000C4E47 /* ShipExplosion.sks */,
				74CF68742582CF37000C4E47 /* EnemyThruster.sks */,
				74C3CFD025506D0300757586 /* Thrusters.sks */,
				74CF6845257C4E26000C4E47 /* PilotThrust.sks */,
				74C3CFC7253F3E3D00757586 /* Starfield.sks */,
				74C3CFD125506D0300757586 /* Assets.xcassets */,
			);
			path = Particles;
			sourceTree = "<group>";
		};
		74CF68512581F7A9000C4E47 /* Sounds */ = {
			isa = PBXGroup;
			children = (
				74CF68522581FE64000C4E47 /* pilotSquish.wav */,
				74CF685425820076000C4E47 /* pilotSquish2.wav */,
				74CF6856258201BA000C4E47 /* pilotSquish3.wav */,
				74CF684F2581F781000C4E47 /* menuThump.wav */,
				74CF685F25828E80000C4E47 /* menuThumpnew.wav */,
				74CF68832583CAE0000C4E47 /* swishnew.mp3 */,
				74CF686325829655000C4E47 /* chargeLaser.ogg */,
				74CF686425829691000C4E47 /* chargeLaser2.mp3 */,
				74CF6866258296A8000C4E47 /* revive.wav */,
				74CF687225829F9C000C4E47 /* revivenew.wav */,
				74CF686125829626000C4E47 /* miniLaser.aiff */,
				74CF688B25843F26000C4E47 /* miniLasernew.wav */,
				74CF6868258296F0000C4E47 /* miniLaser2.wav */,
				74CF684B2581EF11000C4E47 /* Laser1.wav */,
				74CF685D25828DB8000C4E47 /* Laser1new.wav */,
				74CF684D2581EF1D000C4E47 /* Laser2.wav */,
				74CF686E25829A28000C4E47 /* Laser2new.wav */,
				74CF688D25849F2E000C4E47 /* shotgunnew.wav */,
				74CF68912584A44B000C4E47 /* shotgun1new.wav */,
				74CF688925843DA9000C4E47 /* explosionnew.wav */,
			);
			path = Sounds;
			sourceTree = "<group>";
		};
		74CF685A258289A0000C4E47 /* Frameworks */ = {
			isa = PBXGroup;
			children = (
				74235B1D2590FCFC00AC4675 /* GameKit.framework */,
				74CF685B258289A0000C4E47 /* AVFoundation.framework */,
				D4F8ACF3585F6FBBF6F50A6C /* Pods_APBOv2.framework */,
			);
			name = Frameworks;
			sourceTree = "<group>";
		};
		74CF687825830AA1000C4E47 /* MainMenu */ = {
			isa = PBXGroup;
			children = (
				810C930F2601137200C298C8 /* InfectionGameOver.sks */,
				74CF68762582F889000C4E47 /* Player.sks */,
				74CF687925830AD6000C4E47 /* ghost.sks */,
				74CF687B25830BB7000C4E47 /* enemy.sks */,
				74CF688525840398000C4E47 /* enemy2.sks */,
				74CF6887258403B3000C4E47 /* enemy3.sks */,
				74CF687D25830C93000C4E47 /* bluePlayer.sks */,
				74CF687F25830C99000C4E47 /* greenPlayer.sks */,
				74CF688125830CA0000C4E47 /* yellowPlayer.sks */,
			);
			path = MainMenu;
			sourceTree = "<group>";
		};
		74CF6893258D7833000C4E47 /* Tutorial */ = {
			isa = PBXGroup;
			children = (
				74CF6898258D78E2000C4E47 /* Tutorial.swift */,
				74CF6894258D787C000C4E47 /* Tutorial.sks */,
			);
			path = Tutorial;
			sourceTree = "<group>";
		};
		B93BFE38F0309C36ED6E13F1 /* Pods */ = {
			isa = PBXGroup;
			children = (
				BF55C5AA57697F270DE41606 /* Pods-APBOv2.debug.xcconfig */,
				6BEC5117A23B6C351E6D91CF /* Pods-APBOv2.release.xcconfig */,
			);
			path = Pods;
			sourceTree = "<group>";
		};
		CEF309CD25C1E82A007B8B39 /* Firebase */ = {
			isa = PBXGroup;
			children = (
				CEF309CE25C1E86D007B8B39 /* DataPusher.swift */,
			);
			path = Firebase;
			sourceTree = "<group>";
		};
		CEF309D225C1E9F3007B8B39 /* OnlineGame */ = {
			isa = PBXGroup;
			children = (
				028FEFE625F7EFC600D519A5 /* GameData.swift */,
				CEF309D725C1EAC0007B8B39 /* MultiplayerHandler.swift */,
				CEF309FA25C33700007B8B39 /* Global.swift */,
				CEF309FE25C337D7007B8B39 /* PlayerData.swift */,
				CEF30A2A25CB0C39007B8B39 /* Payload.swift */,
			);
			path = OnlineGame;
			sourceTree = "<group>";
		};
		CEF30A1825CA65A2007B8B39 /* Spaceships */ = {
			isa = PBXGroup;
			children = (
				CEF30A2125CA65E0007B8B39 /* SpaceshipBase.swift */,
				CEF30A2425CA65EF007B8B39 /* LocalSpaceship.swift */,
				CEF30A2725CA65FD007B8B39 /* RemoteSpaceship.swift */,
			);
			path = Spaceships;
			sourceTree = "<group>";
		};
		CEF30A1925CA65AC007B8B39 /* GameScenes */ = {
			isa = PBXGroup;
			children = (
				CE9C6D9B25E8275800D47FCC /* Hud.sks */,
				CEF30A1A25CA65BF007B8B39 /* GameSceneBase.swift */,
				CE9C6D9A25E8275800D47FCC /* GameSceneBase.sks */,
				8177393125F9D9880054FC06 /* AstroBall.swift */,
				81A4CEE225FA8C56001C2602 /* AstroBall.sks */,
				8177393425F9DAE20054FC06 /* Infection.swift */,
				81A4CEDF25FA8C2C001C2602 /* Infection.sks */,
				CEF30A1E25CA65CC007B8B39 /* GameSceneOnline.swift */,
			);
			path = GameScenes;
			sourceTree = "<group>";
		};
/* End PBXGroup section */

/* Begin PBXNativeTarget section */
		74C3CFAB253F3BE900757586 /* APBOv2 */ = {
			isa = PBXNativeTarget;
			buildConfigurationList = 74C3CFC4253F3BED00757586 /* Build configuration list for PBXNativeTarget "APBOv2" */;
			buildPhases = (
				D430B7F395B8088606DF6F9F /* [CP] Check Pods Manifest.lock */,
				74C3CFA8253F3BE900757586 /* Sources */,
				74C3CFA9253F3BE900757586 /* Frameworks */,
				74C3CFAA253F3BE900757586 /* Resources */,
				F50798809DA6819F078D758C /* [CP] Embed Pods Frameworks */,
			);
			buildRules = (
			);
			dependencies = (
			);
			name = APBOv2;
			productName = APBOv2;
			productReference = 74C3CFAC253F3BE900757586 /* Ghost Pilots.app */;
			productType = "com.apple.product-type.application";
		};
/* End PBXNativeTarget section */

/* Begin PBXProject section */
		74C3CFA4253F3BE900757586 /* Project object */ = {
			isa = PBXProject;
			attributes = {
				LastSwiftUpdateCheck = 1160;
				LastUpgradeCheck = 1160;
				ORGANIZATIONNAME = "Dhruv Chowdhary";
				TargetAttributes = {
					74C3CFAB253F3BE900757586 = {
						CreatedOnToolsVersion = 11.6;
					};
				};
			};
			buildConfigurationList = 74C3CFA7253F3BE900757586 /* Build configuration list for PBXProject "APBOv2" */;
			compatibilityVersion = "Xcode 9.3";
			developmentRegion = en;
			hasScannedForEncodings = 0;
			knownRegions = (
				en,
				Base,
			);
			mainGroup = 74C3CFA3253F3BE900757586;
			productRefGroup = 74C3CFAD253F3BE900757586 /* Products */;
			projectDirPath = "";
			projectRoot = "";
			targets = (
				74C3CFAB253F3BE900757586 /* APBOv2 */,
			);
		};
/* End PBXProject section */

/* Begin PBXResourcesBuildPhase section */
		74C3CFAA253F3BE900757586 /* Resources */ = {
			isa = PBXResourcesBuildPhase;
			buildActionMask = 2147483647;
			files = (
				74CF6869258296F0000C4E47 /* miniLaser2.wav in Resources */,
				748CEDC1256D6F24005DF246 /* TurretBoss.sks in Resources */,
				74CF687A25830AD6000C4E47 /* ghost.sks in Resources */,
				81A4CEE025FA8C2C001C2602 /* Infection.sks in Resources */,
				8133262725F9A1CD00D857D7 /* ffaImages.atlas in Resources */,
				810C93102601137200C298C8 /* InfectionGameOver.sks in Resources */,
				74CF68772582F889000C4E47 /* Player.sks in Resources */,
				74CF688E25849F2E000C4E47 /* shotgunnew.wav in Resources */,
				748FC4B425DD987500756B4A /* HostMenu.sks in Resources */,
				74CF687C25830BB7000C4E47 /* enemy.sks in Resources */,
				74CF688225830CA0000C4E47 /* yellowPlayer.sks in Resources */,
				74C3CFC8253F3E3D00757586 /* Starfield.sks in Resources */,
				74CF68922584A44B000C4E47 /* shotgun1new.wav in Resources */,
				748CEDA125657B65005DF246 /* MainMenu.sks in Resources */,
				74CF686525829691000C4E47 /* chargeLaser2.mp3 in Resources */,
				74C3CFBB253F3BE900757586 /* Main.storyboard in Resources */,
				74CF68842583CAE1000C4E47 /* swishnew.mp3 in Resources */,
				74CF688C25843F26000C4E47 /* miniLasernew.wav in Resources */,
				810C93132601137F00C298C8 /* InfectionGameOver.sks in Resources */,
				74CF6857258201BA000C4E47 /* pilotSquish3.wav in Resources */,
				74CF6895258D787C000C4E47 /* Tutorial.sks in Resources */,
				81135EED25E8312300B0F59F /* LoadLevelsMenu.sks in Resources */,
				74CF687E25830C93000C4E47 /* bluePlayer.sks in Resources */,
				74CF686025828E80000C4E47 /* menuThumpnew.wav in Resources */,
				74CF687325829F9C000C4E47 /* revivenew.wav in Resources */,
				810C930625FDEA0F00C298C8 /* infectionImages.atlas in Resources */,
				74C3CFBD253F3BED00757586 /* Assets.xcassets in Resources */,
				74CF68532581FE64000C4E47 /* pilotSquish.wav in Resources */,
				74CF688625840398000C4E47 /* enemy2.sks in Resources */,
				815AA69F25F998B500870CF9 /* infectionImages.atlas in Resources */,
				CE9C6D9E25E8275800D47FCC /* Hud.sks in Resources */,
				748CEDC6256D737B005DF246 /* OnlineMenu.sks in Resources */,
				74CF684C2581EF11000C4E47 /* Laser1.wav in Resources */,
				749EBC1025599EF3003EA0B3 /* enemy-types.json in Resources */,
				74CF688A25843DA9000C4E47 /* explosionnew.wav in Resources */,
				74C3CFD225506D0300757586 /* Thrusters.sks in Resources */,
				74CF686225829627000C4E47 /* miniLaser.aiff in Resources */,
				74CF684E2581EF1D000C4E47 /* Laser2.wav in Resources */,
				74C3CFC0253F3BED00757586 /* LaunchScreen.storyboard in Resources */,
				81135EEF25E8312300B0F59F /* Level1.sks in Resources */,
				8186856225F9AD6C00B9CBF3 /* astroImages.atlas in Resources */,
				74CF6867258296A8000C4E47 /* revive.wav in Resources */,
				74CF6848257FDF30000C4E47 /* PilotBlood.sks in Resources */,
				CE9C6D9D25E8275800D47FCC /* GameSceneBase.sks in Resources */,
				74CF6846257C4E26000C4E47 /* PilotThrust.sks in Resources */,
				74CF6888258403B3000C4E47 /* enemy3.sks in Resources */,
				81EA5C5C25F4416800A127A7 /* Level3.sks in Resources */,
				74C3CFD325506D0300757586 /* Assets.xcassets in Resources */,
				74CF688025830C99000C4E47 /* greenPlayer.sks in Resources */,
				74CF685E25828DB8000C4E47 /* Laser1new.wav in Resources */,
				81A4CEE325FA8C56001C2602 /* AstroBall.sks in Resources */,
				815799E52591079800734A45 /* pilotImages.atlas in Resources */,
				815799E925917EFD00734A45 /* BulletExplosion.sks in Resources */,
				74C3CFB4253F3BE900757586 /* Actions.sks in Resources */,
				748500B425E76C970063F73B /* GoogleService-Info.plist in Resources */,
				748500B025E6C0910063F73B /* LobbyMenu.sks in Resources */,
				8157B31225F4681E005E59C5 /* PilotFX.sks in Resources */,
				CE9C6D9C25E8275800D47FCC /* GameScene.sks in Resources */,
				810C931626011F3100C298C8 /* AstroballGameOver.sks in Resources */,
				81708DC825A565C50030C2C4 /* TurretBossMenu.sks in Resources */,
				810C930C25FDEA3800C298C8 /* ffaImages.atlas in Resources */,
				749EBC0E25599D84003EA0B3 /* Explosion.sks in Resources */,
				74CF68752582CF37000C4E47 /* EnemyThruster.sks in Resources */,
				81135EF625F1514C00B0F59F /* Level2.sks in Resources */,
				810C92FD25FB341F00C298C8 /* LoadIntro.sks in Resources */,
				CEDECCD725F4C18E00C01A7D /* SoloMenu.sks in Resources */,
				74CF685525820076000C4E47 /* pilotSquish2.wav in Resources */,
				815799E72591136900734A45 /* RespawnExplosion.sks in Resources */,
				74CF68502581F781000C4E47 /* menuThump.wav in Resources */,
				816EE12A259265D10053AE35 /* TurretShootingExplosion.sks in Resources */,
				749EBC58255AF9E7003EA0B3 /* waves.json in Resources */,
				810C930925FDEA3200C298C8 /* astroImages.atlas in Resources */,
				816EE129259265D10053AE35 /* ShootingExplosion.sks in Resources */,
				74CF6842257C2EA8000C4E47 /* ShipExplosion.sks in Resources */,
				7451FF782576FE8F0074CC2E /* Spark.sks in Resources */,
				74CF686F25829A28000C4E47 /* Laser2new.wav in Resources */,
			);
			runOnlyForDeploymentPostprocessing = 0;
		};
/* End PBXResourcesBuildPhase section */

/* Begin PBXShellScriptBuildPhase section */
		D430B7F395B8088606DF6F9F /* [CP] Check Pods Manifest.lock */ = {
			isa = PBXShellScriptBuildPhase;
			buildActionMask = 2147483647;
			files = (
			);
			inputFileListPaths = (
			);
			inputPaths = (
				"${PODS_PODFILE_DIR_PATH}/Podfile.lock",
				"${PODS_ROOT}/Manifest.lock",
			);
			name = "[CP] Check Pods Manifest.lock";
			outputFileListPaths = (
			);
			outputPaths = (
				"$(DERIVED_FILE_DIR)/Pods-APBOv2-checkManifestLockResult.txt",
			);
			runOnlyForDeploymentPostprocessing = 0;
			shellPath = /bin/sh;
			shellScript = "diff \"${PODS_PODFILE_DIR_PATH}/Podfile.lock\" \"${PODS_ROOT}/Manifest.lock\" > /dev/null\nif [ $? != 0 ] ; then\n    # print error to STDERR\n    echo \"error: The sandbox is not in sync with the Podfile.lock. Run 'pod install' or update your CocoaPods installation.\" >&2\n    exit 1\nfi\n# This output is used by Xcode 'outputs' to avoid re-running this script phase.\necho \"SUCCESS\" > \"${SCRIPT_OUTPUT_FILE_0}\"\n";
			showEnvVarsInLog = 0;
		};
		F50798809DA6819F078D758C /* [CP] Embed Pods Frameworks */ = {
			isa = PBXShellScriptBuildPhase;
			buildActionMask = 2147483647;
			files = (
			);
			inputFileListPaths = (
				"${PODS_ROOT}/Target Support Files/Pods-APBOv2/Pods-APBOv2-frameworks-${CONFIGURATION}-input-files.xcfilelist",
			);
			name = "[CP] Embed Pods Frameworks";
			outputFileListPaths = (
				"${PODS_ROOT}/Target Support Files/Pods-APBOv2/Pods-APBOv2-frameworks-${CONFIGURATION}-output-files.xcfilelist",
			);
			runOnlyForDeploymentPostprocessing = 0;
			shellPath = /bin/sh;
			shellScript = "\"${PODS_ROOT}/Target Support Files/Pods-APBOv2/Pods-APBOv2-frameworks.sh\"\n";
			showEnvVarsInLog = 0;
		};
/* End PBXShellScriptBuildPhase section */

/* Begin PBXSourcesBuildPhase section */
		74C3CFA8253F3BE900757586 /* Sources */ = {
			isa = PBXSourcesBuildPhase;
			buildActionMask = 2147483647;
			files = (
				749EBC5A255AFA34003EA0B3 /* Wave.swift in Sources */,
				CEF30A2225CA65E0007B8B39 /* SpaceshipBase.swift in Sources */,
				CEF30A1B25CA65BF007B8B39 /* GameSceneBase.swift in Sources */,
				748CEDAE25658207005DF246 /* MainMenu.swift in Sources */,
				74C3CFB6253F3BE900757586 /* GameScene.swift in Sources */,
				8100B1832575524900AA8A1F /* TurretBossNode.swift in Sources */,
				81135EEE25E8312300B0F59F /* Level1.swift in Sources */,
				CEF30A2825CA65FD007B8B39 /* RemoteSpaceship.swift in Sources */,
				74C3CFDD2553109000757586 /* EnemyType.swift in Sources */,
				CEF309FB25C33700007B8B39 /* Global.swift in Sources */,
				8177393225F9D9880054FC06 /* AstroBall.swift in Sources */,
				74CF6899258D78E2000C4E47 /* Tutorial.swift in Sources */,
				CEF30A1F25CA65CC007B8B39 /* GameSceneOnline.swift in Sources */,
				8177393525F9DAE20054FC06 /* Infection.swift in Sources */,
				74235B2025A7724400AC4675 /* GameCenter.swift in Sources */,
				748FC4B625DD98E500756B4A /* HostMenu.swift in Sources */,
				81135EF025E8312300B0F59F /* LoadLevelsMenu.swift in Sources */,
				028FEFE725F7EFC600D519A5 /* GameData.swift in Sources */,
				74C3CFB8253F3BE900757586 /* GameViewController.swift in Sources */,
				749EBC5C255AFA58003EA0B3 /* Bundle-Decoding.swift in Sources */,
				CEF309CF25C1E86D007B8B39 /* DataPusher.swift in Sources */,
				74C3CFDB2553100200757586 /* EnemyNode.swift in Sources */,
				748CEDBE256D6EF8005DF246 /* TurretBoss.swift in Sources */,
				81135EF325F14E5800B0F59F /* Level2.swift in Sources */,
				748CEDB4256C151F005DF246 /* SoloMenu.swift in Sources */,
				CEF309FF25C337D7007B8B39 /* PlayerData.swift in Sources */,
				CEF309D825C1EAC0007B8B39 /* MultiplayerHandler.swift in Sources */,
				CEF30A2B25CB0C39007B8B39 /* Payload.swift in Sources */,
				748CEDC4256D7362005DF246 /* OnlineMenu.swift in Sources */,
				81708DC425A376650030C2C4 /* TurretBossMenu.swift in Sources */,
				CEF30A2525CA65EF007B8B39 /* LocalSpaceship.swift in Sources */,
				81EA5C5925F4414200A127A7 /* Level3.swift in Sources */,
				74C3CFB0253F3BE900757586 /* AppDelegate.swift in Sources */,
				748500AE25E6C0730063F73B /* LobbyMenu.swift in Sources */,
				748CEDAB25657F2E005DF246 /* MSButtonNode.swift in Sources */,
				810C92F525FB2F9F00C298C8 /* LoadIntro.swift in Sources */,
			);
			runOnlyForDeploymentPostprocessing = 0;
		};
/* End PBXSourcesBuildPhase section */

/* Begin PBXVariantGroup section */
		74C3CFB9253F3BE900757586 /* Main.storyboard */ = {
			isa = PBXVariantGroup;
			children = (
				74C3CFBA253F3BE900757586 /* Base */,
			);
			name = Main.storyboard;
			sourceTree = "<group>";
		};
		74C3CFBE253F3BED00757586 /* LaunchScreen.storyboard */ = {
			isa = PBXVariantGroup;
			children = (
				74C3CFBF253F3BED00757586 /* Base */,
			);
			name = LaunchScreen.storyboard;
			sourceTree = "<group>";
		};
		CEDECCD925F4C18E00C01A7D /* SoloMenu.sks */ = {
			isa = PBXVariantGroup;
			children = (
				CEDECCD825F4C18E00C01A7D /* Base */,
			);
			name = SoloMenu.sks;
			sourceTree = "<group>";
		};
/* End PBXVariantGroup section */

/* Begin XCBuildConfiguration section */
		74C3CFC2253F3BED00757586 /* Debug */ = {
			isa = XCBuildConfiguration;
			buildSettings = {
				ALWAYS_SEARCH_USER_PATHS = NO;
				CLANG_ANALYZER_NONNULL = YES;
				CLANG_ANALYZER_NUMBER_OBJECT_CONVERSION = YES_AGGRESSIVE;
				CLANG_CXX_LANGUAGE_STANDARD = "gnu++14";
				CLANG_CXX_LIBRARY = "libc++";
				CLANG_ENABLE_MODULES = YES;
				CLANG_ENABLE_OBJC_ARC = YES;
				CLANG_ENABLE_OBJC_WEAK = YES;
				CLANG_WARN_BLOCK_CAPTURE_AUTORELEASING = YES;
				CLANG_WARN_BOOL_CONVERSION = YES;
				CLANG_WARN_COMMA = YES;
				CLANG_WARN_CONSTANT_CONVERSION = YES;
				CLANG_WARN_DEPRECATED_OBJC_IMPLEMENTATIONS = YES;
				CLANG_WARN_DIRECT_OBJC_ISA_USAGE = YES_ERROR;
				CLANG_WARN_DOCUMENTATION_COMMENTS = YES;
				CLANG_WARN_EMPTY_BODY = YES;
				CLANG_WARN_ENUM_CONVERSION = YES;
				CLANG_WARN_INFINITE_RECURSION = YES;
				CLANG_WARN_INT_CONVERSION = YES;
				CLANG_WARN_NON_LITERAL_NULL_CONVERSION = YES;
				CLANG_WARN_OBJC_IMPLICIT_RETAIN_SELF = YES;
				CLANG_WARN_OBJC_LITERAL_CONVERSION = YES;
				CLANG_WARN_OBJC_ROOT_CLASS = YES_ERROR;
				CLANG_WARN_RANGE_LOOP_ANALYSIS = YES;
				CLANG_WARN_STRICT_PROTOTYPES = YES;
				CLANG_WARN_SUSPICIOUS_MOVE = YES;
				CLANG_WARN_UNGUARDED_AVAILABILITY = YES_AGGRESSIVE;
				CLANG_WARN_UNREACHABLE_CODE = YES;
				CLANG_WARN__DUPLICATE_METHOD_MATCH = YES;
				COPY_PHASE_STRIP = NO;
				DEBUG_INFORMATION_FORMAT = dwarf;
				ENABLE_STRICT_OBJC_MSGSEND = YES;
				ENABLE_TESTABILITY = YES;
				GCC_C_LANGUAGE_STANDARD = gnu11;
				GCC_DYNAMIC_NO_PIC = NO;
				GCC_NO_COMMON_BLOCKS = YES;
				GCC_OPTIMIZATION_LEVEL = 0;
				GCC_PREPROCESSOR_DEFINITIONS = (
					"DEBUG=1",
					"$(inherited)",
				);
				GCC_WARN_64_TO_32_BIT_CONVERSION = YES;
				GCC_WARN_ABOUT_RETURN_TYPE = YES_ERROR;
				GCC_WARN_UNDECLARED_SELECTOR = YES;
				GCC_WARN_UNINITIALIZED_AUTOS = YES_AGGRESSIVE;
				GCC_WARN_UNUSED_FUNCTION = YES;
				GCC_WARN_UNUSED_VARIABLE = YES;
				IPHONEOS_DEPLOYMENT_TARGET = 11.4;
				MTL_ENABLE_DEBUG_INFO = INCLUDE_SOURCE;
				MTL_FAST_MATH = YES;
				ONLY_ACTIVE_ARCH = YES;
				SDKROOT = iphoneos;
				SWIFT_ACTIVE_COMPILATION_CONDITIONS = DEBUG;
				SWIFT_OPTIMIZATION_LEVEL = "-Onone";
			};
			name = Debug;
		};
		74C3CFC3253F3BED00757586 /* Release */ = {
			isa = XCBuildConfiguration;
			buildSettings = {
				ALWAYS_SEARCH_USER_PATHS = NO;
				CLANG_ANALYZER_NONNULL = YES;
				CLANG_ANALYZER_NUMBER_OBJECT_CONVERSION = YES_AGGRESSIVE;
				CLANG_CXX_LANGUAGE_STANDARD = "gnu++14";
				CLANG_CXX_LIBRARY = "libc++";
				CLANG_ENABLE_MODULES = YES;
				CLANG_ENABLE_OBJC_ARC = YES;
				CLANG_ENABLE_OBJC_WEAK = YES;
				CLANG_WARN_BLOCK_CAPTURE_AUTORELEASING = YES;
				CLANG_WARN_BOOL_CONVERSION = YES;
				CLANG_WARN_COMMA = YES;
				CLANG_WARN_CONSTANT_CONVERSION = YES;
				CLANG_WARN_DEPRECATED_OBJC_IMPLEMENTATIONS = YES;
				CLANG_WARN_DIRECT_OBJC_ISA_USAGE = YES_ERROR;
				CLANG_WARN_DOCUMENTATION_COMMENTS = YES;
				CLANG_WARN_EMPTY_BODY = YES;
				CLANG_WARN_ENUM_CONVERSION = YES;
				CLANG_WARN_INFINITE_RECURSION = YES;
				CLANG_WARN_INT_CONVERSION = YES;
				CLANG_WARN_NON_LITERAL_NULL_CONVERSION = YES;
				CLANG_WARN_OBJC_IMPLICIT_RETAIN_SELF = YES;
				CLANG_WARN_OBJC_LITERAL_CONVERSION = YES;
				CLANG_WARN_OBJC_ROOT_CLASS = YES_ERROR;
				CLANG_WARN_RANGE_LOOP_ANALYSIS = YES;
				CLANG_WARN_STRICT_PROTOTYPES = YES;
				CLANG_WARN_SUSPICIOUS_MOVE = YES;
				CLANG_WARN_UNGUARDED_AVAILABILITY = YES_AGGRESSIVE;
				CLANG_WARN_UNREACHABLE_CODE = YES;
				CLANG_WARN__DUPLICATE_METHOD_MATCH = YES;
				COPY_PHASE_STRIP = NO;
				DEBUG_INFORMATION_FORMAT = "dwarf-with-dsym";
				ENABLE_NS_ASSERTIONS = NO;
				ENABLE_STRICT_OBJC_MSGSEND = YES;
				GCC_C_LANGUAGE_STANDARD = gnu11;
				GCC_NO_COMMON_BLOCKS = YES;
				GCC_WARN_64_TO_32_BIT_CONVERSION = YES;
				GCC_WARN_ABOUT_RETURN_TYPE = YES_ERROR;
				GCC_WARN_UNDECLARED_SELECTOR = YES;
				GCC_WARN_UNINITIALIZED_AUTOS = YES_AGGRESSIVE;
				GCC_WARN_UNUSED_FUNCTION = YES;
				GCC_WARN_UNUSED_VARIABLE = YES;
				IPHONEOS_DEPLOYMENT_TARGET = 11.4;
				MTL_ENABLE_DEBUG_INFO = NO;
				MTL_FAST_MATH = YES;
				SDKROOT = iphoneos;
				SWIFT_COMPILATION_MODE = wholemodule;
				SWIFT_OPTIMIZATION_LEVEL = "-O";
				VALIDATE_PRODUCT = YES;
			};
			name = Release;
		};
		74C3CFC5253F3BED00757586 /* Debug */ = {
			isa = XCBuildConfiguration;
			baseConfigurationReference = BF55C5AA57697F270DE41606 /* Pods-APBOv2.debug.xcconfig */;
			buildSettings = {
				ASSETCATALOG_COMPILER_APPICON_NAME = AppIcon;
				CODE_SIGN_STYLE = Automatic;
				CURRENT_PROJECT_VERSION = 10;
				DEVELOPMENT_TEAM = 883DK65VTV;
				INFOPLIST_FILE = APBOv2/Info.plist;
				LD_RUNPATH_SEARCH_PATHS = (
					"$(inherited)",
					"@executable_path/Frameworks",
				);
				MARKETING_VERSION = 2.6;
				PRODUCT_BUNDLE_IDENTIFIER = edu.astroparty;
				PRODUCT_NAME = "Ghost Pilots";
				SWIFT_VERSION = 5.0;
				TARGETED_DEVICE_FAMILY = "1,2";
			};
			name = Debug;
		};
		74C3CFC6253F3BED00757586 /* Release */ = {
			isa = XCBuildConfiguration;
			baseConfigurationReference = 6BEC5117A23B6C351E6D91CF /* Pods-APBOv2.release.xcconfig */;
			buildSettings = {
				ASSETCATALOG_COMPILER_APPICON_NAME = AppIcon;
				CODE_SIGN_STYLE = Automatic;
				CURRENT_PROJECT_VERSION = 10;
				DEVELOPMENT_TEAM = 883DK65VTV;
				INFOPLIST_FILE = APBOv2/Info.plist;
				LD_RUNPATH_SEARCH_PATHS = (
					"$(inherited)",
					"@executable_path/Frameworks",
				);
				MARKETING_VERSION = 2.6;
				PRODUCT_BUNDLE_IDENTIFIER = edu.astroparty;
				PRODUCT_NAME = "Ghost Pilots";
				SWIFT_VERSION = 5.0;
				TARGETED_DEVICE_FAMILY = "1,2";
			};
			name = Release;
		};
/* End XCBuildConfiguration section */

/* Begin XCConfigurationList section */
		74C3CFA7253F3BE900757586 /* Build configuration list for PBXProject "APBOv2" */ = {
			isa = XCConfigurationList;
			buildConfigurations = (
				74C3CFC2253F3BED00757586 /* Debug */,
				74C3CFC3253F3BED00757586 /* Release */,
			);
			defaultConfigurationIsVisible = 0;
			defaultConfigurationName = Release;
		};
		74C3CFC4253F3BED00757586 /* Build configuration list for PBXNativeTarget "APBOv2" */ = {
			isa = XCConfigurationList;
			buildConfigurations = (
				74C3CFC5253F3BED00757586 /* Debug */,
				74C3CFC6253F3BED00757586 /* Release */,
			);
			defaultConfigurationIsVisible = 0;
			defaultConfigurationName = Release;
		};
/* End XCConfigurationList section */
	};
	rootObject = 74C3CFA4253F3BE900757586 /* Project object */;
}
